// !$*UTF8*$!
{
	archiveVersion = 1;
	classes = {
	};
	objectVersion = 51;
	objects = {

/* Begin PBXBuildFile section */
		010542B5D9B31A23047DD86E /* Pods_Crusht.framework in Frameworks */ = {isa = PBXBuildFile; fileRef = 69A7B12D04FEE1995BC0E2BB /* Pods_Crusht.framework */; };
		28067D2E21C0C18D001F6BC5 /* MessageController.swift in Sources */ = {isa = PBXBuildFile; fileRef = 28067D2D21C0C18D001F6BC5 /* MessageController.swift */; };
		28067D3021C0C6FC001F6BC5 /* LocationTableViewCell.swift in Sources */ = {isa = PBXBuildFile; fileRef = 28067D2F21C0C6FC001F6BC5 /* LocationTableViewCell.swift */; };
		280B1ED321CB3FD700A89C5E /* UserCell.swift in Sources */ = {isa = PBXBuildFile; fileRef = 280B1ED221CB3FD700A89C5E /* UserCell.swift */; };
		280B1ED521CB407C00A89C5E /* ChatMessageCell.swift in Sources */ = {isa = PBXBuildFile; fileRef = 280B1ED421CB407C00A89C5E /* ChatMessageCell.swift */; };
		280B78B123EF72C30084D745 /* icons8-photo-gallery-100.png in Resources */ = {isa = PBXBuildFile; fileRef = 280B78B023EF72C30084D745 /* icons8-photo-gallery-100.png */; };
		28315C5821E925400066BEE2 /* SeniorFiveTableViewCell.swift in Sources */ = {isa = PBXBuildFile; fileRef = 28315C5721E925400066BEE2 /* SeniorFiveTableViewCell.swift */; };
		28315C5A21E92C620066BEE2 /* NewSeniorFivePostTableViewController.swift in Sources */ = {isa = PBXBuildFile; fileRef = 28315C5921E92C620066BEE2 /* NewSeniorFivePostTableViewController.swift */; };
		283816C721B8925C00B3E4FD /* AppDelegate.swift in Sources */ = {isa = PBXBuildFile; fileRef = 283816C621B8925C00B3E4FD /* AppDelegate.swift */; };
		283816C921B8925C00B3E4FD /* LocationMatchViewController.swift in Sources */ = {isa = PBXBuildFile; fileRef = 283816C821B8925C00B3E4FD /* LocationMatchViewController.swift */; };
		283816CC21B8925C00B3E4FD /* Main.storyboard in Resources */ = {isa = PBXBuildFile; fileRef = 283816CA21B8925C00B3E4FD /* Main.storyboard */; };
		283816CE21B8925F00B3E4FD /* Assets.xcassets in Resources */ = {isa = PBXBuildFile; fileRef = 283816CD21B8925F00B3E4FD /* Assets.xcassets */; };
		283816D121B8925F00B3E4FD /* LaunchScreen.storyboard in Resources */ = {isa = PBXBuildFile; fileRef = 283816CF21B8925F00B3E4FD /* LaunchScreen.storyboard */; };
		283816DC21B8925F00B3E4FD /* CrushtTests.swift in Sources */ = {isa = PBXBuildFile; fileRef = 283816DB21B8925F00B3E4FD /* CrushtTests.swift */; };
		283816E721B8925F00B3E4FD /* CrushtUITests.swift in Sources */ = {isa = PBXBuildFile; fileRef = 283816E621B8925F00B3E4FD /* CrushtUITests.swift */; };
		283816FF21B8A02900B3E4FD /* CardViewModel.swift in Sources */ = {isa = PBXBuildFile; fileRef = 283816FE21B8A02900B3E4FD /* CardViewModel.swift */; };
		2838170121B8A05E00B3E4FD /* LocationMatchBottomButtonsStackView.swift in Sources */ = {isa = PBXBuildFile; fileRef = 2838170021B8A05E00B3E4FD /* LocationMatchBottomButtonsStackView.swift */; };
		2838170321B8A0A700B3E4FD /* CardView.swift in Sources */ = {isa = PBXBuildFile; fileRef = 2838170221B8A0A700B3E4FD /* CardView.swift */; };
		2838170721B8A11000B3E4FD /* Advertiser.swift in Sources */ = {isa = PBXBuildFile; fileRef = 2838170621B8A11000B3E4FD /* Advertiser.swift */; };
		2838170921B8A1A600B3E4FD /* LocationMatchTopStackView.swift in Sources */ = {isa = PBXBuildFile; fileRef = 2838170821B8A1A600B3E4FD /* LocationMatchTopStackView.swift */; };
		2838170B21B8A1F300B3E4FD /* ProfilePageViewController.swift in Sources */ = {isa = PBXBuildFile; fileRef = 2838170A21B8A1F300B3E4FD /* ProfilePageViewController.swift */; };
		2838170F21B8A26400B3E4FD /* User.swift in Sources */ = {isa = PBXBuildFile; fileRef = 2838170E21B8A26400B3E4FD /* User.swift */; };
		2838171E21B8C90100B3E4FD /* UIViewExtension.swift in Sources */ = {isa = PBXBuildFile; fileRef = 2838171D21B8C90100B3E4FD /* UIViewExtension.swift */; };
		283B5E5E23FDD3BB006F5ED4 /* PartyPageController.swift in Sources */ = {isa = PBXBuildFile; fileRef = 283B5E5D23FDD3BB006F5ED4 /* PartyPageController.swift */; };
		283B5E6023FF23ED006F5ED4 /* PartyPageCell.swift in Sources */ = {isa = PBXBuildFile; fileRef = 283B5E5F23FF23ED006F5ED4 /* PartyPageCell.swift */; };
		283FD3DB227E669000C7760F /* CustomTabBarController.swift in Sources */ = {isa = PBXBuildFile; fileRef = 283FD3DA227E669000C7760F /* CustomTabBarController.swift */; };
		284E69DB248E96BE005E7D12 /* SettingsCell.swift in Sources */ = {isa = PBXBuildFile; fileRef = 284E69D9248E96BB005E7D12 /* SettingsCell.swift */; };
		284E69DC248E96BE005E7D12 /* ViewController.swift in Sources */ = {isa = PBXBuildFile; fileRef = 284E69DA248E96BE005E7D12 /* ViewController.swift */; };
		284E69DE248E96FC005E7D12 /* UserInfoHeader.swift in Sources */ = {isa = PBXBuildFile; fileRef = 284E69DD248E96FC005E7D12 /* UserInfoHeader.swift */; };
		284E69E0248EABBE005E7D12 /* icons8-chevron-right-30.png in Resources */ = {isa = PBXBuildFile; fileRef = 284E69DF248EABBE005E7D12 /* icons8-chevron-right-30.png */; };
		2850A140224EC79700A2CEB9 /* ReportControllerViewController.swift in Sources */ = {isa = PBXBuildFile; fileRef = 2850A13F224EC79700A2CEB9 /* ReportControllerViewController.swift */; };
		2850A142224EE4C500A2CEB9 /* Reports.swift in Sources */ = {isa = PBXBuildFile; fileRef = 2850A141224EE4C500A2CEB9 /* Reports.swift */; };
		2857DF0A226BF9CE0072C952 /* BarsTableView.swift in Sources */ = {isa = PBXBuildFile; fileRef = 2857DF09226BF9CE0072C952 /* BarsTableView.swift */; };
		2859707622026EF800EB83CE /* FacebookPhoneController.swift in Sources */ = {isa = PBXBuildFile; fileRef = 2859707522026EF800EB83CE /* FacebookPhoneController.swift */; };
		2859707E2202C73800EB83CE /* CheckVerificationViewController.swift in Sources */ = {isa = PBXBuildFile; fileRef = 2859707D2202C73800EB83CE /* CheckVerificationViewController.swift */; };
		285A34A621BC7B920086CC95 /* SettingsCells.swift in Sources */ = {isa = PBXBuildFile; fileRef = 285A34A521BC7B920086CC95 /* SettingsCells.swift */; };
		285D434D23FB35D30043198A /* Party.swift in Sources */ = {isa = PBXBuildFile; fileRef = 285D434C23FB35D30043198A /* Party.swift */; };
		285D434F23FB37BF0043198A /* PartyCell.swift in Sources */ = {isa = PBXBuildFile; fileRef = 285D434E23FB37BF0043198A /* PartyCell.swift */; };
		285D435123FB3C7A0043198A /* NewPartyController.swift in Sources */ = {isa = PBXBuildFile; fileRef = 285D435023FB3C7A0043198A /* NewPartyController.swift */; };
		285D435323FBA8410043198A /* InviteController.swift in Sources */ = {isa = PBXBuildFile; fileRef = 285D435223FBA8410043198A /* InviteController.swift */; };
		285D435523FBABA10043198A /* InviteContactsCell.swift in Sources */ = {isa = PBXBuildFile; fileRef = 285D435423FBABA10043198A /* InviteContactsCell.swift */; };
		285D435723FBACFB0043198A /* icons8-plus-50.png in Resources */ = {isa = PBXBuildFile; fileRef = 285D435623FBACFA0043198A /* icons8-plus-50.png */; };
		286458CB21BF2A3D00401029 /* SwipingPhotosController.swift in Sources */ = {isa = PBXBuildFile; fileRef = 286458CA21BF2A3D00401029 /* SwipingPhotosController.swift */; };
		2864C4F0228E6FC500E3165F /* TermsViewController.swift in Sources */ = {isa = PBXBuildFile; fileRef = 2864C4EF228E6FC500E3165F /* TermsViewController.swift */; };
		2864C4F2228E743B00E3165F /* PrivacyController.swift in Sources */ = {isa = PBXBuildFile; fileRef = 2864C4F1228E743B00E3165F /* PrivacyController.swift */; };
		286B05D722B5C9A40068015E /* InfoView.swift in Sources */ = {isa = PBXBuildFile; fileRef = 286B05D622B5C9A40068015E /* InfoView.swift */; };
		28711AB0220BABC400DD82EB /* SearchFooter.swift in Sources */ = {isa = PBXBuildFile; fileRef = 28711AAF220BABC400DD82EB /* SearchFooter.swift */; };
		28744A2121FF8BC800B438A8 /* GeoFire.swift in Sources */ = {isa = PBXBuildFile; fileRef = 28744A2021FF8BC800B438A8 /* GeoFire.swift */; };
		287795E621C339CF003A060A /* MatchView.swift in Sources */ = {isa = PBXBuildFile; fileRef = 287795E521C339CF003A060A /* MatchView.swift */; };
		28795C4E23E2B02400503FB2 /* PartyListController.swift in Sources */ = {isa = PBXBuildFile; fileRef = 28795C4D23E2B02400503FB2 /* PartyListController.swift */; };
		287F3A90225B1C43008F5BD0 /* AnimationView.swift in Sources */ = {isa = PBXBuildFile; fileRef = 287F3A8F225B1C43008F5BD0 /* AnimationView.swift */; };
		28857CCB21B9A91500A654A0 /* LoginViewController.swift in Sources */ = {isa = PBXBuildFile; fileRef = 28857CCA21B9A91500A654A0 /* LoginViewController.swift */; };
		28857CD121B9A9C200A654A0 /* VerifyViewController.swift in Sources */ = {isa = PBXBuildFile; fileRef = 28857CD021B9A9C200A654A0 /* VerifyViewController.swift */; };
		28857CDC21B9B82700A654A0 /* CustomTextField.swift in Sources */ = {isa = PBXBuildFile; fileRef = 28857CDB21B9B82700A654A0 /* CustomTextField.swift */; };
		28857CDE21B9B8CD00A654A0 /* RegistrationViewModel.swift in Sources */ = {isa = PBXBuildFile; fileRef = 28857CDD21B9B8CD00A654A0 /* RegistrationViewModel.swift */; };
		28857CE021B9B95900A654A0 /* Bindable.swift in Sources */ = {isa = PBXBuildFile; fileRef = 28857CDF21B9B95900A654A0 /* Bindable.swift */; };
		288C87CD21F28C25000B5058 /* SchoolCrushes.swift in Sources */ = {isa = PBXBuildFile; fileRef = 288C87CC21F28C25000B5058 /* SchoolCrushes.swift */; };
		28908D8821C0AB2C00391A39 /* ExpandableContacts.swift in Sources */ = {isa = PBXBuildFile; fileRef = 28908D8721C0AB2C00391A39 /* ExpandableContacts.swift */; };
		28908D8A21C0AB6400391A39 /* ContactsCell.swift in Sources */ = {isa = PBXBuildFile; fileRef = 28908D8921C0AB6400391A39 /* ContactsCell.swift */; };
		28908D8C21C0ADD400391A39 /* FindCrushesTableViewController.swift in Sources */ = {isa = PBXBuildFile; fileRef = 28908D8B21C0ADD400391A39 /* FindCrushesTableViewController.swift */; };
		28908D8E21C0B52900391A39 /* SeniorFiveTableViewController.swift in Sources */ = {isa = PBXBuildFile; fileRef = 28908D8D21C0B52900391A39 /* SeniorFiveTableViewController.swift */; };
		289224BC21B9C1B20047E29B /* GoogleService-Info.plist in Resources */ = {isa = PBXBuildFile; fileRef = 289224BB21B9C1B20047E29B /* GoogleService-Info.plist */; };
		2895576D227E62B5001EFD73 /* UsersInBarTableView.swift in Sources */ = {isa = PBXBuildFile; fileRef = 2895576C227E62B5001EFD73 /* UsersInBarTableView.swift */; };
		2895576F227E644F001EFD73 /* UserBarCell.swift in Sources */ = {isa = PBXBuildFile; fileRef = 2895576E227E644F001EFD73 /* UserBarCell.swift */; };
		28A293CD248F3441009203FA /* ResponseModels.swift in Sources */ = {isa = PBXBuildFile; fileRef = 28A293CC248F3441009203FA /* ResponseModels.swift */; };
		28A293CF248F3528009203FA /* GoogleClient.swift in Sources */ = {isa = PBXBuildFile; fileRef = 28A293CE248F3528009203FA /* GoogleClient.swift */; };
		28A7F9E621BC3C1D00238B7D /* EditProfileController.swift in Sources */ = {isa = PBXBuildFile; fileRef = 28A7F9E521BC3C1D00238B7D /* EditProfileController.swift */; };
		28A9BD5F220FA4C900712263 /* LogoutBttnCell.swift in Sources */ = {isa = PBXBuildFile; fileRef = 28A9BD5E220FA4C900712263 /* LogoutBttnCell.swift */; };
		28AE45FC21E6BEB400977F1E /* SchoolCrushController.swift in Sources */ = {isa = PBXBuildFile; fileRef = 28AE45FB21E6BEB400977F1E /* SchoolCrushController.swift */; };
		28AFA7792391155400DF2255 /* icons8-hide-30.png in Resources */ = {isa = PBXBuildFile; fileRef = 28AFA7782391155400DF2255 /* icons8-hide-30.png */; };
		28B66A0A21FAB5860068ABF3 /* FacebookCrushController.swift in Sources */ = {isa = PBXBuildFile; fileRef = 28B66A0921FAB5860068ABF3 /* FacebookCrushController.swift */; };
		28B66A0C21FE4A410068ABF3 /* SchoolTextFieldDropDown.swift in Sources */ = {isa = PBXBuildFile; fileRef = 28B66A0B21FE4A410068ABF3 /* SchoolTextFieldDropDown.swift */; };
		28BE1275227FD879000B8911 /* CurrentUserDetailsNoReportController.swift in Sources */ = {isa = PBXBuildFile; fileRef = 28BE1274227FD879000B8911 /* CurrentUserDetailsNoReportController.swift */; };
		28BE624321BD8B9100EAFFE2 /* AgeRangeTableViewCell.swift in Sources */ = {isa = PBXBuildFile; fileRef = 28BE624221BD8B9100EAFFE2 /* AgeRangeTableViewCell.swift */; };
		28BE625121BE091E00EAFFE2 /* UserDetailsController.swift in Sources */ = {isa = PBXBuildFile; fileRef = 28BE625021BE091E00EAFFE2 /* UserDetailsController.swift */; };
		28C06E0B22593CE3004F0C1E /* MessageReportController.swift in Sources */ = {isa = PBXBuildFile; fileRef = 28C06E0A22593CE3004F0C1E /* MessageReportController.swift */; };
		28C30330226BFE21002FB145 /* Venue.swift in Sources */ = {isa = PBXBuildFile; fileRef = 28C3032F226BFE21002FB145 /* Venue.swift */; };
		28C30332226C02AE002FB145 /* VenueCell.swift in Sources */ = {isa = PBXBuildFile; fileRef = 28C30331226C02AE002FB145 /* VenueCell.swift */; };
		28CFC6AD21C56A1700387129 /* SchoolTableViewCell.swift in Sources */ = {isa = PBXBuildFile; fileRef = 28CFC6AC21C56A1700387129 /* SchoolTableViewCell.swift */; };
		28CFC6B521C5B3ED00387129 /* Message.swift in Sources */ = {isa = PBXBuildFile; fileRef = 28CFC6B421C5B3ED00387129 /* Message.swift */; };
		28CFC6B721C5B46A00387129 /* ChatLogController.swift in Sources */ = {isa = PBXBuildFile; fileRef = 28CFC6B621C5B46A00387129 /* ChatLogController.swift */; };
		28D25FF321F6CAAB00E69069 /* TransitionCrushesController.swift in Sources */ = {isa = PBXBuildFile; fileRef = 28D25FF221F6CAAB00E69069 /* TransitionCrushesController.swift */; };
		28D339072405BC9900764EE8 /* InviteTabController.swift in Sources */ = {isa = PBXBuildFile; fileRef = 28D339062405BC9900764EE8 /* InviteTabController.swift */; };
		28D339092405BCFC00764EE8 /* SchoolInviteController.swift in Sources */ = {isa = PBXBuildFile; fileRef = 28D339082405BCFC00764EE8 /* SchoolInviteController.swift */; };
		28D3390B2405C3A700764EE8 /* InviteSchoolCell.swift in Sources */ = {isa = PBXBuildFile; fileRef = 28D3390A2405C3A700764EE8 /* InviteSchoolCell.swift */; };
		28EC2B6A23E61D44009EEA2C /* icons8-confetti-30.png in Resources */ = {isa = PBXBuildFile; fileRef = 28EC2B6923E61D44009EEA2C /* icons8-confetti-30.png */; };
		28EDA72A23FF96D500450BA7 /* Post.swift in Sources */ = {isa = PBXBuildFile; fileRef = 28EDA72923FF96D500450BA7 /* Post.swift */; };
		28EDA72C23FFBEC100450BA7 /* GuestsController.swift in Sources */ = {isa = PBXBuildFile; fileRef = 28EDA72B23FFBEC100450BA7 /* GuestsController.swift */; };
		28EDA72E23FFC73E00450BA7 /* GuestListCell.swift in Sources */ = {isa = PBXBuildFile; fileRef = 28EDA72D23FFC73E00450BA7 /* GuestListCell.swift */; };
		28EDA73023FFCF4200450BA7 /* EditPartyController.swift in Sources */ = {isa = PBXBuildFile; fileRef = 28EDA72F23FFCF4200450BA7 /* EditPartyController.swift */; };
		28EDA732240208B500450BA7 /* PostController.swift in Sources */ = {isa = PBXBuildFile; fileRef = 28EDA731240208B400450BA7 /* PostController.swift */; };
		28F1121D21F5818900A1CD73 /* PhoneNumberViewController.swift in Sources */ = {isa = PBXBuildFile; fileRef = 28F1121C21F5818900A1CD73 /* PhoneNumberViewController.swift */; };
		28F1121F21F58FC600A1CD73 /* EnterMorePhoneInfoViewController.swift in Sources */ = {isa = PBXBuildFile; fileRef = 28F1121E21F58FC600A1CD73 /* EnterMorePhoneInfoViewController.swift */; };
		28F369E021E99CD30007FBC6 /* SeniorFivePostsTableViewCell.swift in Sources */ = {isa = PBXBuildFile; fileRef = 28F369DF21E99CD30007FBC6 /* SeniorFivePostsTableViewCell.swift */; };
		28F369E221E9A2F20007FBC6 /* SeniorFiveModel.swift in Sources */ = {isa = PBXBuildFile; fileRef = 28F369E121E9A2F20007FBC6 /* SeniorFiveModel.swift */; };
		28F46D9521C41A2E00B7051F /* KeepSwipingButton.swift in Sources */ = {isa = PBXBuildFile; fileRef = 28F46D9421C41A2E00B7051F /* KeepSwipingButton.swift */; };
		28F46D9721C41A7800B7051F /* SendMessageButton.swift in Sources */ = {isa = PBXBuildFile; fileRef = 28F46D9621C41A7800B7051F /* SendMessageButton.swift */; };
		28F54071224C163F00EC5062 /* BioCell.swift in Sources */ = {isa = PBXBuildFile; fileRef = 28F54070224C163F00EC5062 /* BioCell.swift */; };
		28F54073224C23C600EC5062 /* BioTextView.swift in Sources */ = {isa = PBXBuildFile; fileRef = 28F54072224C23C600EC5062 /* BioTextView.swift */; };
		28FD7D0C2261AFBB00B79496 /* GenderController.swift in Sources */ = {isa = PBXBuildFile; fileRef = 28FD7D0B2261AFBB00B79496 /* GenderController.swift */; };
		28FD7D0E2261BA8900B79496 /* YourSexController.swift in Sources */ = {isa = PBXBuildFile; fileRef = 28FD7D0D2261BA8900B79496 /* YourSexController.swift */; };
		28FD7D1022641FB100B79496 /* EnterNameController.swift in Sources */ = {isa = PBXBuildFile; fileRef = 28FD7D0F22641FB100B79496 /* EnterNameController.swift */; };
		28FD7D122264238A00B79496 /* BirthdayController.swift in Sources */ = {isa = PBXBuildFile; fileRef = 28FD7D112264238A00B79496 /* BirthdayController.swift */; };
		28FD7D14226425D800B79496 /* EnterSchoolController.swift in Sources */ = {isa = PBXBuildFile; fileRef = 28FD7D13226425D800B79496 /* EnterSchoolController.swift */; };
		28FD7D162264282B00B79496 /* BioController.swift in Sources */ = {isa = PBXBuildFile; fileRef = 28FD7D152264282B00B79496 /* BioController.swift */; };
		28FD7D1822642D4700B79496 /* EnterPhotoController.swift in Sources */ = {isa = PBXBuildFile; fileRef = 28FD7D1722642D4700B79496 /* EnterPhotoController.swift */; };
		28FDE2D82216672000896198 /* FacebookCrushCell.swift in Sources */ = {isa = PBXBuildFile; fileRef = 28FDE2D72216672000896198 /* FacebookCrushCell.swift */; };
		4C60BD6E235630A900B59D35 /* LoadingCell.swift in Sources */ = {isa = PBXBuildFile; fileRef = 4C60BD6D235630A900B59D35 /* LoadingCell.swift */; };
		4C7CF43E2359FD5D0039B0E3 /* Constants.swift in Sources */ = {isa = PBXBuildFile; fileRef = 4C7CF43D2359FD5D0039B0E3 /* Constants.swift */; };
		4CA41B3B235DE7C500CF8529 /* DateExtension.swift in Sources */ = {isa = PBXBuildFile; fileRef = 4CA41B3A235DE7C500CF8529 /* DateExtension.swift */; };
		4CA41B3D235DE93800CF8529 /* CrushScore.swift in Sources */ = {isa = PBXBuildFile; fileRef = 4CA41B3C235DE93800CF8529 /* CrushScore.swift */; };
		4CA41B3F235DECDF00CF8529 /* NameTextField.swift in Sources */ = {isa = PBXBuildFile; fileRef = 4CA41B3E235DECDF00CF8529 /* NameTextField.swift */; };
		4CA41B41235DF2F400CF8529 /* GenderTextField.swift in Sources */ = {isa = PBXBuildFile; fileRef = 4CA41B40235DF2F400CF8529 /* GenderTextField.swift */; };
		4CA41B43235DFDD600CF8529 /* UIColorExtension.swift in Sources */ = {isa = PBXBuildFile; fileRef = 4CA41B42235DFDD600CF8529 /* UIColorExtension.swift */; };
		4CA41B45235DFE0A00CF8529 /* UIImageViewExtension.swift in Sources */ = {isa = PBXBuildFile; fileRef = 4CA41B44235DFE0A00CF8529 /* UIImageViewExtension.swift */; };
		4CA41B47235DFF9A00CF8529 /* FavoritableContact.swift in Sources */ = {isa = PBXBuildFile; fileRef = 4CA41B46235DFF9A00CF8529 /* FavoritableContact.swift */; };
		4CA41B49235E053200CF8529 /* GenderCell.swift in Sources */ = {isa = PBXBuildFile; fileRef = 4CA41B48235E053200CF8529 /* GenderCell.swift */; };
		4CA41B4B235E054B00CF8529 /* GenderPrefCell.swift in Sources */ = {isa = PBXBuildFile; fileRef = 4CA41B4A235E054B00CF8529 /* GenderPrefCell.swift */; };
		4CA41B4D235E056500CF8529 /* SchoolCell.swift in Sources */ = {isa = PBXBuildFile; fileRef = 4CA41B4C235E056500CF8529 /* SchoolCell.swift */; };
		4CA41B50235E0D6800CF8529 /* TermsCell.swift in Sources */ = {isa = PBXBuildFile; fileRef = 4CA41B4F235E0D6800CF8529 /* TermsCell.swift */; };
		4CA41B52235E0D8100CF8529 /* VerificationNumberCell.swift in Sources */ = {isa = PBXBuildFile; fileRef = 4CA41B51235E0D8100CF8529 /* VerificationNumberCell.swift */; };
		4CA41B54235E0DA800CF8529 /* SupportCell.swift in Sources */ = {isa = PBXBuildFile; fileRef = 4CA41B53235E0DA800CF8529 /* SupportCell.swift */; };
		4CA41B56235E0DCB00CF8529 /* ContactsTextCell.swift in Sources */ = {isa = PBXBuildFile; fileRef = 4CA41B55235E0DCB00CF8529 /* ContactsTextCell.swift */; };
		4CA41B58235E0DE700CF8529 /* FbConnectCell.swift in Sources */ = {isa = PBXBuildFile; fileRef = 4CA41B57235E0DE700CF8529 /* FbConnectCell.swift */; };
		4CA41B5A235E1FB900CF8529 /* ReportTextView.swift in Sources */ = {isa = PBXBuildFile; fileRef = 4CA41B59235E1FB900CF8529 /* ReportTextView.swift */; };
		59812C781B5A2E205AA77833 /* Pods_Crusht_CrushtUITests.framework in Frameworks */ = {isa = PBXBuildFile; fileRef = A1B173C624E1A4E565EEF34B /* Pods_Crusht_CrushtUITests.framework */; };
		6A37B84FFE52859206742E37 /* Pods_CrushtTests.framework in Frameworks */ = {isa = PBXBuildFile; fileRef = EA4A2A215E63437CC19ED654 /* Pods_CrushtTests.framework */; };
		EBAC1438237913A70081A95A /* UILabelFontClass.swift in Sources */ = {isa = PBXBuildFile; fileRef = EBAC1437237913A70081A95A /* UILabelFontClass.swift */; };
/* End PBXBuildFile section */

/* Begin PBXContainerItemProxy section */
		283816D821B8925F00B3E4FD /* PBXContainerItemProxy */ = {
			isa = PBXContainerItemProxy;
			containerPortal = 283816BB21B8925C00B3E4FD /* Project object */;
			proxyType = 1;
			remoteGlobalIDString = 283816C221B8925C00B3E4FD;
			remoteInfo = Crusht;
		};
		283816E321B8925F00B3E4FD /* PBXContainerItemProxy */ = {
			isa = PBXContainerItemProxy;
			containerPortal = 283816BB21B8925C00B3E4FD /* Project object */;
			proxyType = 1;
			remoteGlobalIDString = 283816C221B8925C00B3E4FD;
			remoteInfo = Crusht;
		};
/* End PBXContainerItemProxy section */

/* Begin PBXFileReference section */
		28067D2D21C0C18D001F6BC5 /* MessageController.swift */ = {isa = PBXFileReference; lastKnownFileType = sourcecode.swift; path = MessageController.swift; sourceTree = "<group>"; };
		28067D2F21C0C6FC001F6BC5 /* LocationTableViewCell.swift */ = {isa = PBXFileReference; lastKnownFileType = sourcecode.swift; path = LocationTableViewCell.swift; sourceTree = "<group>"; };
		280B1ED221CB3FD700A89C5E /* UserCell.swift */ = {isa = PBXFileReference; lastKnownFileType = sourcecode.swift; path = UserCell.swift; sourceTree = "<group>"; };
		280B1ED421CB407C00A89C5E /* ChatMessageCell.swift */ = {isa = PBXFileReference; lastKnownFileType = sourcecode.swift; path = ChatMessageCell.swift; sourceTree = "<group>"; };
		280B78B023EF72C30084D745 /* icons8-photo-gallery-100.png */ = {isa = PBXFileReference; lastKnownFileType = image.png; path = "icons8-photo-gallery-100.png"; sourceTree = "<group>"; };
		28315C5721E925400066BEE2 /* SeniorFiveTableViewCell.swift */ = {isa = PBXFileReference; lastKnownFileType = sourcecode.swift; path = SeniorFiveTableViewCell.swift; sourceTree = "<group>"; };
		28315C5921E92C620066BEE2 /* NewSeniorFivePostTableViewController.swift */ = {isa = PBXFileReference; lastKnownFileType = sourcecode.swift; path = NewSeniorFivePostTableViewController.swift; sourceTree = "<group>"; };
		283816C321B8925C00B3E4FD /* Crusht.app */ = {isa = PBXFileReference; explicitFileType = wrapper.application; includeInIndex = 0; path = Crusht.app; sourceTree = BUILT_PRODUCTS_DIR; };
		283816C621B8925C00B3E4FD /* AppDelegate.swift */ = {isa = PBXFileReference; lastKnownFileType = sourcecode.swift; path = AppDelegate.swift; sourceTree = "<group>"; };
		283816C821B8925C00B3E4FD /* LocationMatchViewController.swift */ = {isa = PBXFileReference; lastKnownFileType = sourcecode.swift; path = LocationMatchViewController.swift; sourceTree = "<group>"; };
		283816CB21B8925C00B3E4FD /* Base */ = {isa = PBXFileReference; lastKnownFileType = file.storyboard; name = Base; path = Base.lproj/Main.storyboard; sourceTree = "<group>"; };
		283816CD21B8925F00B3E4FD /* Assets.xcassets */ = {isa = PBXFileReference; lastKnownFileType = folder.assetcatalog; path = Assets.xcassets; sourceTree = "<group>"; };
		283816D021B8925F00B3E4FD /* Base */ = {isa = PBXFileReference; lastKnownFileType = file.storyboard; name = Base; path = Base.lproj/LaunchScreen.storyboard; sourceTree = "<group>"; };
		283816D221B8925F00B3E4FD /* Info.plist */ = {isa = PBXFileReference; lastKnownFileType = text.plist.xml; path = Info.plist; sourceTree = "<group>"; };
		283816D721B8925F00B3E4FD /* CrushtTests.xctest */ = {isa = PBXFileReference; explicitFileType = wrapper.cfbundle; includeInIndex = 0; path = CrushtTests.xctest; sourceTree = BUILT_PRODUCTS_DIR; };
		283816DB21B8925F00B3E4FD /* CrushtTests.swift */ = {isa = PBXFileReference; lastKnownFileType = sourcecode.swift; path = CrushtTests.swift; sourceTree = "<group>"; };
		283816DD21B8925F00B3E4FD /* Info.plist */ = {isa = PBXFileReference; lastKnownFileType = text.plist.xml; path = Info.plist; sourceTree = "<group>"; };
		283816E221B8925F00B3E4FD /* CrushtUITests.xctest */ = {isa = PBXFileReference; explicitFileType = wrapper.cfbundle; includeInIndex = 0; path = CrushtUITests.xctest; sourceTree = BUILT_PRODUCTS_DIR; };
		283816E621B8925F00B3E4FD /* CrushtUITests.swift */ = {isa = PBXFileReference; lastKnownFileType = sourcecode.swift; path = CrushtUITests.swift; sourceTree = "<group>"; };
		283816E821B8925F00B3E4FD /* Info.plist */ = {isa = PBXFileReference; lastKnownFileType = text.plist.xml; path = Info.plist; sourceTree = "<group>"; };
		283816FE21B8A02900B3E4FD /* CardViewModel.swift */ = {isa = PBXFileReference; lastKnownFileType = sourcecode.swift; path = CardViewModel.swift; sourceTree = "<group>"; };
		2838170021B8A05E00B3E4FD /* LocationMatchBottomButtonsStackView.swift */ = {isa = PBXFileReference; lastKnownFileType = sourcecode.swift; path = LocationMatchBottomButtonsStackView.swift; sourceTree = "<group>"; };
		2838170221B8A0A700B3E4FD /* CardView.swift */ = {isa = PBXFileReference; lastKnownFileType = sourcecode.swift; path = CardView.swift; sourceTree = "<group>"; };
		2838170621B8A11000B3E4FD /* Advertiser.swift */ = {isa = PBXFileReference; lastKnownFileType = sourcecode.swift; path = Advertiser.swift; sourceTree = "<group>"; };
		2838170821B8A1A600B3E4FD /* LocationMatchTopStackView.swift */ = {isa = PBXFileReference; lastKnownFileType = sourcecode.swift; path = LocationMatchTopStackView.swift; sourceTree = "<group>"; };
		2838170A21B8A1F300B3E4FD /* ProfilePageViewController.swift */ = {isa = PBXFileReference; lastKnownFileType = sourcecode.swift; path = ProfilePageViewController.swift; sourceTree = "<group>"; };
		2838170E21B8A26400B3E4FD /* User.swift */ = {isa = PBXFileReference; lastKnownFileType = sourcecode.swift; path = User.swift; sourceTree = "<group>"; };
		2838171D21B8C90100B3E4FD /* UIViewExtension.swift */ = {isa = PBXFileReference; lastKnownFileType = sourcecode.swift; path = UIViewExtension.swift; sourceTree = "<group>"; };
		283B5E5D23FDD3BB006F5ED4 /* PartyPageController.swift */ = {isa = PBXFileReference; lastKnownFileType = sourcecode.swift; path = PartyPageController.swift; sourceTree = "<group>"; };
		283B5E5F23FF23ED006F5ED4 /* PartyPageCell.swift */ = {isa = PBXFileReference; lastKnownFileType = sourcecode.swift; path = PartyPageCell.swift; sourceTree = "<group>"; };
		283FD3DA227E669000C7760F /* CustomTabBarController.swift */ = {isa = PBXFileReference; lastKnownFileType = sourcecode.swift; path = CustomTabBarController.swift; sourceTree = "<group>"; };
		284E69D9248E96BB005E7D12 /* SettingsCell.swift */ = {isa = PBXFileReference; fileEncoding = 4; lastKnownFileType = sourcecode.swift; path = SettingsCell.swift; sourceTree = "<group>"; };
		284E69DA248E96BE005E7D12 /* ViewController.swift */ = {isa = PBXFileReference; fileEncoding = 4; lastKnownFileType = sourcecode.swift; path = ViewController.swift; sourceTree = "<group>"; };
		284E69DD248E96FC005E7D12 /* UserInfoHeader.swift */ = {isa = PBXFileReference; fileEncoding = 4; lastKnownFileType = sourcecode.swift; path = UserInfoHeader.swift; sourceTree = "<group>"; };
		284E69DF248EABBE005E7D12 /* icons8-chevron-right-30.png */ = {isa = PBXFileReference; lastKnownFileType = image.png; path = "icons8-chevron-right-30.png"; sourceTree = "<group>"; };
		2850A13F224EC79700A2CEB9 /* ReportControllerViewController.swift */ = {isa = PBXFileReference; lastKnownFileType = sourcecode.swift; path = ReportControllerViewController.swift; sourceTree = "<group>"; };
		2850A141224EE4C500A2CEB9 /* Reports.swift */ = {isa = PBXFileReference; lastKnownFileType = sourcecode.swift; path = Reports.swift; sourceTree = "<group>"; };
		2857DF09226BF9CE0072C952 /* BarsTableView.swift */ = {isa = PBXFileReference; lastKnownFileType = sourcecode.swift; path = BarsTableView.swift; sourceTree = "<group>"; };
		2859707522026EF800EB83CE /* FacebookPhoneController.swift */ = {isa = PBXFileReference; lastKnownFileType = sourcecode.swift; path = FacebookPhoneController.swift; sourceTree = "<group>"; };
		2859707D2202C73800EB83CE /* CheckVerificationViewController.swift */ = {isa = PBXFileReference; lastKnownFileType = sourcecode.swift; path = CheckVerificationViewController.swift; sourceTree = "<group>"; };
		285A34A521BC7B920086CC95 /* SettingsCells.swift */ = {isa = PBXFileReference; lastKnownFileType = sourcecode.swift; path = SettingsCells.swift; sourceTree = "<group>"; };
		285D434C23FB35D30043198A /* Party.swift */ = {isa = PBXFileReference; lastKnownFileType = sourcecode.swift; path = Party.swift; sourceTree = "<group>"; };
		285D434E23FB37BF0043198A /* PartyCell.swift */ = {isa = PBXFileReference; lastKnownFileType = sourcecode.swift; path = PartyCell.swift; sourceTree = "<group>"; };
		285D435023FB3C7A0043198A /* NewPartyController.swift */ = {isa = PBXFileReference; lastKnownFileType = sourcecode.swift; path = NewPartyController.swift; sourceTree = "<group>"; };
		285D435223FBA8410043198A /* InviteController.swift */ = {isa = PBXFileReference; lastKnownFileType = sourcecode.swift; path = InviteController.swift; sourceTree = "<group>"; };
		285D435423FBABA10043198A /* InviteContactsCell.swift */ = {isa = PBXFileReference; lastKnownFileType = sourcecode.swift; path = InviteContactsCell.swift; sourceTree = "<group>"; };
		285D435623FBACFA0043198A /* icons8-plus-50.png */ = {isa = PBXFileReference; lastKnownFileType = image.png; path = "icons8-plus-50.png"; sourceTree = "<group>"; };
		286458CA21BF2A3D00401029 /* SwipingPhotosController.swift */ = {isa = PBXFileReference; lastKnownFileType = sourcecode.swift; path = SwipingPhotosController.swift; sourceTree = "<group>"; };
		2864C4EF228E6FC500E3165F /* TermsViewController.swift */ = {isa = PBXFileReference; lastKnownFileType = sourcecode.swift; path = TermsViewController.swift; sourceTree = "<group>"; };
		2864C4F1228E743B00E3165F /* PrivacyController.swift */ = {isa = PBXFileReference; lastKnownFileType = sourcecode.swift; path = PrivacyController.swift; sourceTree = "<group>"; };
		286B05D622B5C9A40068015E /* InfoView.swift */ = {isa = PBXFileReference; lastKnownFileType = sourcecode.swift; path = InfoView.swift; sourceTree = "<group>"; };
		28711AAF220BABC400DD82EB /* SearchFooter.swift */ = {isa = PBXFileReference; lastKnownFileType = sourcecode.swift; path = SearchFooter.swift; sourceTree = "<group>"; };
		28744A2021FF8BC800B438A8 /* GeoFire.swift */ = {isa = PBXFileReference; lastKnownFileType = sourcecode.swift; path = GeoFire.swift; sourceTree = "<group>"; };
		287795E521C339CF003A060A /* MatchView.swift */ = {isa = PBXFileReference; lastKnownFileType = sourcecode.swift; path = MatchView.swift; sourceTree = "<group>"; };
		28795C4D23E2B02400503FB2 /* PartyListController.swift */ = {isa = PBXFileReference; lastKnownFileType = sourcecode.swift; path = PartyListController.swift; sourceTree = "<group>"; };
		287F3A8F225B1C43008F5BD0 /* AnimationView.swift */ = {isa = PBXFileReference; lastKnownFileType = sourcecode.swift; path = AnimationView.swift; sourceTree = "<group>"; };
		28857CCA21B9A91500A654A0 /* LoginViewController.swift */ = {isa = PBXFileReference; lastKnownFileType = sourcecode.swift; path = LoginViewController.swift; sourceTree = "<group>"; };
		28857CD021B9A9C200A654A0 /* VerifyViewController.swift */ = {isa = PBXFileReference; lastKnownFileType = sourcecode.swift; path = VerifyViewController.swift; sourceTree = "<group>"; };
		28857CDB21B9B82700A654A0 /* CustomTextField.swift */ = {isa = PBXFileReference; lastKnownFileType = sourcecode.swift; path = CustomTextField.swift; sourceTree = "<group>"; };
		28857CDD21B9B8CD00A654A0 /* RegistrationViewModel.swift */ = {isa = PBXFileReference; lastKnownFileType = sourcecode.swift; path = RegistrationViewModel.swift; sourceTree = "<group>"; };
		28857CDF21B9B95900A654A0 /* Bindable.swift */ = {isa = PBXFileReference; lastKnownFileType = sourcecode.swift; path = Bindable.swift; sourceTree = "<group>"; };
		288C87CC21F28C25000B5058 /* SchoolCrushes.swift */ = {isa = PBXFileReference; lastKnownFileType = sourcecode.swift; path = SchoolCrushes.swift; sourceTree = "<group>"; };
		28908D8721C0AB2C00391A39 /* ExpandableContacts.swift */ = {isa = PBXFileReference; lastKnownFileType = sourcecode.swift; path = ExpandableContacts.swift; sourceTree = "<group>"; };
		28908D8921C0AB6400391A39 /* ContactsCell.swift */ = {isa = PBXFileReference; lastKnownFileType = sourcecode.swift; path = ContactsCell.swift; sourceTree = "<group>"; };
		28908D8B21C0ADD400391A39 /* FindCrushesTableViewController.swift */ = {isa = PBXFileReference; lastKnownFileType = sourcecode.swift; path = FindCrushesTableViewController.swift; sourceTree = "<group>"; };
		28908D8D21C0B52900391A39 /* SeniorFiveTableViewController.swift */ = {isa = PBXFileReference; lastKnownFileType = sourcecode.swift; path = SeniorFiveTableViewController.swift; sourceTree = "<group>"; };
		289224BB21B9C1B20047E29B /* GoogleService-Info.plist */ = {isa = PBXFileReference; fileEncoding = 4; lastKnownFileType = text.plist.xml; path = "GoogleService-Info.plist"; sourceTree = "<group>"; };
		2895576C227E62B5001EFD73 /* UsersInBarTableView.swift */ = {isa = PBXFileReference; lastKnownFileType = sourcecode.swift; path = UsersInBarTableView.swift; sourceTree = "<group>"; };
		2895576E227E644F001EFD73 /* UserBarCell.swift */ = {isa = PBXFileReference; lastKnownFileType = sourcecode.swift; path = UserBarCell.swift; sourceTree = "<group>"; };
		28A293CC248F3441009203FA /* ResponseModels.swift */ = {isa = PBXFileReference; lastKnownFileType = sourcecode.swift; path = ResponseModels.swift; sourceTree = "<group>"; };
		28A293CE248F3528009203FA /* GoogleClient.swift */ = {isa = PBXFileReference; lastKnownFileType = sourcecode.swift; path = GoogleClient.swift; sourceTree = "<group>"; };
		28A7F9E521BC3C1D00238B7D /* EditProfileController.swift */ = {isa = PBXFileReference; lastKnownFileType = sourcecode.swift; path = EditProfileController.swift; sourceTree = "<group>"; };
		28A9BD5E220FA4C900712263 /* LogoutBttnCell.swift */ = {isa = PBXFileReference; lastKnownFileType = sourcecode.swift; path = LogoutBttnCell.swift; sourceTree = "<group>"; };
		28AE45FB21E6BEB400977F1E /* SchoolCrushController.swift */ = {isa = PBXFileReference; lastKnownFileType = sourcecode.swift; path = SchoolCrushController.swift; sourceTree = "<group>"; };
		28AFA7782391155400DF2255 /* icons8-hide-30.png */ = {isa = PBXFileReference; lastKnownFileType = image.png; path = "icons8-hide-30.png"; sourceTree = "<group>"; };
		28B66A0921FAB5860068ABF3 /* FacebookCrushController.swift */ = {isa = PBXFileReference; lastKnownFileType = sourcecode.swift; path = FacebookCrushController.swift; sourceTree = "<group>"; };
		28B66A0B21FE4A410068ABF3 /* SchoolTextFieldDropDown.swift */ = {isa = PBXFileReference; lastKnownFileType = sourcecode.swift; path = SchoolTextFieldDropDown.swift; sourceTree = "<group>"; };
		28BE1274227FD879000B8911 /* CurrentUserDetailsNoReportController.swift */ = {isa = PBXFileReference; lastKnownFileType = sourcecode.swift; path = CurrentUserDetailsNoReportController.swift; sourceTree = "<group>"; };
		28BE624221BD8B9100EAFFE2 /* AgeRangeTableViewCell.swift */ = {isa = PBXFileReference; lastKnownFileType = sourcecode.swift; path = AgeRangeTableViewCell.swift; sourceTree = "<group>"; };
		28BE625021BE091E00EAFFE2 /* UserDetailsController.swift */ = {isa = PBXFileReference; lastKnownFileType = sourcecode.swift; path = UserDetailsController.swift; sourceTree = "<group>"; };
		28C06E0A22593CE3004F0C1E /* MessageReportController.swift */ = {isa = PBXFileReference; lastKnownFileType = sourcecode.swift; path = MessageReportController.swift; sourceTree = "<group>"; };
		28C3032F226BFE21002FB145 /* Venue.swift */ = {isa = PBXFileReference; lastKnownFileType = sourcecode.swift; path = Venue.swift; sourceTree = "<group>"; };
		28C30331226C02AE002FB145 /* VenueCell.swift */ = {isa = PBXFileReference; lastKnownFileType = sourcecode.swift; path = VenueCell.swift; sourceTree = "<group>"; };
		28CFC6AC21C56A1700387129 /* SchoolTableViewCell.swift */ = {isa = PBXFileReference; lastKnownFileType = sourcecode.swift; path = SchoolTableViewCell.swift; sourceTree = "<group>"; };
		28CFC6B421C5B3ED00387129 /* Message.swift */ = {isa = PBXFileReference; lastKnownFileType = sourcecode.swift; path = Message.swift; sourceTree = "<group>"; };
		28CFC6B621C5B46A00387129 /* ChatLogController.swift */ = {isa = PBXFileReference; lastKnownFileType = sourcecode.swift; path = ChatLogController.swift; sourceTree = "<group>"; };
		28D25FF221F6CAAB00E69069 /* TransitionCrushesController.swift */ = {isa = PBXFileReference; lastKnownFileType = sourcecode.swift; path = TransitionCrushesController.swift; sourceTree = "<group>"; };
		28D339062405BC9900764EE8 /* InviteTabController.swift */ = {isa = PBXFileReference; lastKnownFileType = sourcecode.swift; path = InviteTabController.swift; sourceTree = "<group>"; };
		28D339082405BCFC00764EE8 /* SchoolInviteController.swift */ = {isa = PBXFileReference; lastKnownFileType = sourcecode.swift; path = SchoolInviteController.swift; sourceTree = "<group>"; };
		28D3390A2405C3A700764EE8 /* InviteSchoolCell.swift */ = {isa = PBXFileReference; lastKnownFileType = sourcecode.swift; path = InviteSchoolCell.swift; sourceTree = "<group>"; };
		28EC2B6923E61D44009EEA2C /* icons8-confetti-30.png */ = {isa = PBXFileReference; lastKnownFileType = image.png; path = "icons8-confetti-30.png"; sourceTree = "<group>"; };
		28EDA72923FF96D500450BA7 /* Post.swift */ = {isa = PBXFileReference; lastKnownFileType = sourcecode.swift; path = Post.swift; sourceTree = "<group>"; };
		28EDA72B23FFBEC100450BA7 /* GuestsController.swift */ = {isa = PBXFileReference; lastKnownFileType = sourcecode.swift; path = GuestsController.swift; sourceTree = "<group>"; };
		28EDA72D23FFC73E00450BA7 /* GuestListCell.swift */ = {isa = PBXFileReference; lastKnownFileType = sourcecode.swift; path = GuestListCell.swift; sourceTree = "<group>"; };
		28EDA72F23FFCF4200450BA7 /* EditPartyController.swift */ = {isa = PBXFileReference; lastKnownFileType = sourcecode.swift; path = EditPartyController.swift; sourceTree = "<group>"; };
		28EDA731240208B400450BA7 /* PostController.swift */ = {isa = PBXFileReference; lastKnownFileType = sourcecode.swift; path = PostController.swift; sourceTree = "<group>"; };
		28F1121921F522A900A1CD73 /* Crusht.entitlements */ = {isa = PBXFileReference; lastKnownFileType = text.plist.entitlements; path = Crusht.entitlements; sourceTree = "<group>"; };
		28F1121C21F5818900A1CD73 /* PhoneNumberViewController.swift */ = {isa = PBXFileReference; lastKnownFileType = sourcecode.swift; path = PhoneNumberViewController.swift; sourceTree = "<group>"; };
		28F1121E21F58FC600A1CD73 /* EnterMorePhoneInfoViewController.swift */ = {isa = PBXFileReference; lastKnownFileType = sourcecode.swift; path = EnterMorePhoneInfoViewController.swift; sourceTree = "<group>"; };
		28F369DF21E99CD30007FBC6 /* SeniorFivePostsTableViewCell.swift */ = {isa = PBXFileReference; lastKnownFileType = sourcecode.swift; path = SeniorFivePostsTableViewCell.swift; sourceTree = "<group>"; };
		28F369E121E9A2F20007FBC6 /* SeniorFiveModel.swift */ = {isa = PBXFileReference; lastKnownFileType = sourcecode.swift; path = SeniorFiveModel.swift; sourceTree = "<group>"; };
		28F46D9421C41A2E00B7051F /* KeepSwipingButton.swift */ = {isa = PBXFileReference; lastKnownFileType = sourcecode.swift; path = KeepSwipingButton.swift; sourceTree = "<group>"; };
		28F46D9621C41A7800B7051F /* SendMessageButton.swift */ = {isa = PBXFileReference; lastKnownFileType = sourcecode.swift; path = SendMessageButton.swift; sourceTree = "<group>"; };
		28F54070224C163F00EC5062 /* BioCell.swift */ = {isa = PBXFileReference; lastKnownFileType = sourcecode.swift; path = BioCell.swift; sourceTree = "<group>"; };
		28F54072224C23C600EC5062 /* BioTextView.swift */ = {isa = PBXFileReference; lastKnownFileType = sourcecode.swift; path = BioTextView.swift; sourceTree = "<group>"; };
		28FD7D0B2261AFBB00B79496 /* GenderController.swift */ = {isa = PBXFileReference; lastKnownFileType = sourcecode.swift; path = GenderController.swift; sourceTree = "<group>"; };
		28FD7D0D2261BA8900B79496 /* YourSexController.swift */ = {isa = PBXFileReference; lastKnownFileType = sourcecode.swift; path = YourSexController.swift; sourceTree = "<group>"; };
		28FD7D0F22641FB100B79496 /* EnterNameController.swift */ = {isa = PBXFileReference; lastKnownFileType = sourcecode.swift; path = EnterNameController.swift; sourceTree = "<group>"; };
		28FD7D112264238A00B79496 /* BirthdayController.swift */ = {isa = PBXFileReference; lastKnownFileType = sourcecode.swift; path = BirthdayController.swift; sourceTree = "<group>"; };
		28FD7D13226425D800B79496 /* EnterSchoolController.swift */ = {isa = PBXFileReference; lastKnownFileType = sourcecode.swift; path = EnterSchoolController.swift; sourceTree = "<group>"; };
		28FD7D152264282B00B79496 /* BioController.swift */ = {isa = PBXFileReference; lastKnownFileType = sourcecode.swift; path = BioController.swift; sourceTree = "<group>"; };
		28FD7D1722642D4700B79496 /* EnterPhotoController.swift */ = {isa = PBXFileReference; lastKnownFileType = sourcecode.swift; path = EnterPhotoController.swift; sourceTree = "<group>"; };
		28FDE2D72216672000896198 /* FacebookCrushCell.swift */ = {isa = PBXFileReference; lastKnownFileType = sourcecode.swift; path = FacebookCrushCell.swift; sourceTree = "<group>"; };
		44530FC6002BA7EA8E6E16C3 /* Pods-CrushtUITests.release.xcconfig */ = {isa = PBXFileReference; includeInIndex = 1; lastKnownFileType = text.xcconfig; name = "Pods-CrushtUITests.release.xcconfig"; path = "Target Support Files/Pods-CrushtUITests/Pods-CrushtUITests.release.xcconfig"; sourceTree = "<group>"; };
		4C60BD6D235630A900B59D35 /* LoadingCell.swift */ = {isa = PBXFileReference; fileEncoding = 4; lastKnownFileType = sourcecode.swift; path = LoadingCell.swift; sourceTree = "<group>"; };
		4C7CF43D2359FD5D0039B0E3 /* Constants.swift */ = {isa = PBXFileReference; lastKnownFileType = sourcecode.swift; path = Constants.swift; sourceTree = "<group>"; };
		4CA41B3A235DE7C500CF8529 /* DateExtension.swift */ = {isa = PBXFileReference; lastKnownFileType = sourcecode.swift; path = DateExtension.swift; sourceTree = "<group>"; };
		4CA41B3C235DE93800CF8529 /* CrushScore.swift */ = {isa = PBXFileReference; lastKnownFileType = sourcecode.swift; path = CrushScore.swift; sourceTree = "<group>"; };
		4CA41B3E235DECDF00CF8529 /* NameTextField.swift */ = {isa = PBXFileReference; lastKnownFileType = sourcecode.swift; path = NameTextField.swift; sourceTree = "<group>"; };
		4CA41B40235DF2F400CF8529 /* GenderTextField.swift */ = {isa = PBXFileReference; lastKnownFileType = sourcecode.swift; path = GenderTextField.swift; sourceTree = "<group>"; };
		4CA41B42235DFDD600CF8529 /* UIColorExtension.swift */ = {isa = PBXFileReference; lastKnownFileType = sourcecode.swift; path = UIColorExtension.swift; sourceTree = "<group>"; };
		4CA41B44235DFE0A00CF8529 /* UIImageViewExtension.swift */ = {isa = PBXFileReference; lastKnownFileType = sourcecode.swift; path = UIImageViewExtension.swift; sourceTree = "<group>"; };
		4CA41B46235DFF9A00CF8529 /* FavoritableContact.swift */ = {isa = PBXFileReference; lastKnownFileType = sourcecode.swift; path = FavoritableContact.swift; sourceTree = "<group>"; };
		4CA41B48235E053200CF8529 /* GenderCell.swift */ = {isa = PBXFileReference; lastKnownFileType = sourcecode.swift; path = GenderCell.swift; sourceTree = "<group>"; };
		4CA41B4A235E054B00CF8529 /* GenderPrefCell.swift */ = {isa = PBXFileReference; lastKnownFileType = sourcecode.swift; path = GenderPrefCell.swift; sourceTree = "<group>"; };
		4CA41B4C235E056500CF8529 /* SchoolCell.swift */ = {isa = PBXFileReference; lastKnownFileType = sourcecode.swift; path = SchoolCell.swift; sourceTree = "<group>"; };
		4CA41B4F235E0D6800CF8529 /* TermsCell.swift */ = {isa = PBXFileReference; lastKnownFileType = sourcecode.swift; path = TermsCell.swift; sourceTree = "<group>"; };
		4CA41B51235E0D8100CF8529 /* VerificationNumberCell.swift */ = {isa = PBXFileReference; lastKnownFileType = sourcecode.swift; path = VerificationNumberCell.swift; sourceTree = "<group>"; };
		4CA41B53235E0DA800CF8529 /* SupportCell.swift */ = {isa = PBXFileReference; lastKnownFileType = sourcecode.swift; path = SupportCell.swift; sourceTree = "<group>"; };
		4CA41B55235E0DCB00CF8529 /* ContactsTextCell.swift */ = {isa = PBXFileReference; lastKnownFileType = sourcecode.swift; path = ContactsTextCell.swift; sourceTree = "<group>"; };
		4CA41B57235E0DE700CF8529 /* FbConnectCell.swift */ = {isa = PBXFileReference; lastKnownFileType = sourcecode.swift; path = FbConnectCell.swift; sourceTree = "<group>"; };
		4CA41B59235E1FB900CF8529 /* ReportTextView.swift */ = {isa = PBXFileReference; lastKnownFileType = sourcecode.swift; path = ReportTextView.swift; sourceTree = "<group>"; };
		64833AB1BC80200DDEE3B561 /* Pods-CrushtTests.debug.xcconfig */ = {isa = PBXFileReference; includeInIndex = 1; lastKnownFileType = text.xcconfig; name = "Pods-CrushtTests.debug.xcconfig"; path = "Target Support Files/Pods-CrushtTests/Pods-CrushtTests.debug.xcconfig"; sourceTree = "<group>"; };
		69A7B12D04FEE1995BC0E2BB /* Pods_Crusht.framework */ = {isa = PBXFileReference; explicitFileType = wrapper.framework; includeInIndex = 0; path = Pods_Crusht.framework; sourceTree = BUILT_PRODUCTS_DIR; };
		8F894DA439ED2820A9D9F768 /* Pods-Crusht.release.xcconfig */ = {isa = PBXFileReference; includeInIndex = 1; lastKnownFileType = text.xcconfig; name = "Pods-Crusht.release.xcconfig"; path = "Target Support Files/Pods-Crusht/Pods-Crusht.release.xcconfig"; sourceTree = "<group>"; };
		9F2CDFB52A04A8C208B9809A /* Pods-CrushtTests.release.xcconfig */ = {isa = PBXFileReference; includeInIndex = 1; lastKnownFileType = text.xcconfig; name = "Pods-CrushtTests.release.xcconfig"; path = "Target Support Files/Pods-CrushtTests/Pods-CrushtTests.release.xcconfig"; sourceTree = "<group>"; };
		A1B173C624E1A4E565EEF34B /* Pods_Crusht_CrushtUITests.framework */ = {isa = PBXFileReference; explicitFileType = wrapper.framework; includeInIndex = 0; path = Pods_Crusht_CrushtUITests.framework; sourceTree = BUILT_PRODUCTS_DIR; };
		B6FF77B309364C20CAC59D56 /* Pods-Crusht-CrushtUITests.release.xcconfig */ = {isa = PBXFileReference; includeInIndex = 1; lastKnownFileType = text.xcconfig; name = "Pods-Crusht-CrushtUITests.release.xcconfig"; path = "Target Support Files/Pods-Crusht-CrushtUITests/Pods-Crusht-CrushtUITests.release.xcconfig"; sourceTree = "<group>"; };
		B8FF10410AF1EB75A05F800B /* Pods-Crusht-CrushtUITests.debug.xcconfig */ = {isa = PBXFileReference; includeInIndex = 1; lastKnownFileType = text.xcconfig; name = "Pods-Crusht-CrushtUITests.debug.xcconfig"; path = "Target Support Files/Pods-Crusht-CrushtUITests/Pods-Crusht-CrushtUITests.debug.xcconfig"; sourceTree = "<group>"; };
		D86843720101E2EB6A894FE8 /* Pods-CrushtUITests.debug.xcconfig */ = {isa = PBXFileReference; includeInIndex = 1; lastKnownFileType = text.xcconfig; name = "Pods-CrushtUITests.debug.xcconfig"; path = "Target Support Files/Pods-CrushtUITests/Pods-CrushtUITests.debug.xcconfig"; sourceTree = "<group>"; };
		EA4A2A215E63437CC19ED654 /* Pods_CrushtTests.framework */ = {isa = PBXFileReference; explicitFileType = wrapper.framework; includeInIndex = 0; path = Pods_CrushtTests.framework; sourceTree = BUILT_PRODUCTS_DIR; };
		EBAC1437237913A70081A95A /* UILabelFontClass.swift */ = {isa = PBXFileReference; fileEncoding = 4; lastKnownFileType = sourcecode.swift; path = UILabelFontClass.swift; sourceTree = "<group>"; };
		F9F358249431986AA0434164 /* Pods-Crusht.debug.xcconfig */ = {isa = PBXFileReference; includeInIndex = 1; lastKnownFileType = text.xcconfig; name = "Pods-Crusht.debug.xcconfig"; path = "Target Support Files/Pods-Crusht/Pods-Crusht.debug.xcconfig"; sourceTree = "<group>"; };
/* End PBXFileReference section */

/* Begin PBXFrameworksBuildPhase section */
		283816C021B8925C00B3E4FD /* Frameworks */ = {
			isa = PBXFrameworksBuildPhase;
			buildActionMask = 2147483647;
			files = (
				010542B5D9B31A23047DD86E /* Pods_Crusht.framework in Frameworks */,
			);
			runOnlyForDeploymentPostprocessing = 0;
		};
		283816D421B8925F00B3E4FD /* Frameworks */ = {
			isa = PBXFrameworksBuildPhase;
			buildActionMask = 2147483647;
			files = (
				6A37B84FFE52859206742E37 /* Pods_CrushtTests.framework in Frameworks */,
			);
			runOnlyForDeploymentPostprocessing = 0;
		};
		283816DF21B8925F00B3E4FD /* Frameworks */ = {
			isa = PBXFrameworksBuildPhase;
			buildActionMask = 2147483647;
			files = (
				59812C781B5A2E205AA77833 /* Pods_Crusht_CrushtUITests.framework in Frameworks */,
			);
			runOnlyForDeploymentPostprocessing = 0;
		};
/* End PBXFrameworksBuildPhase section */

/* Begin PBXGroup section */
		121717C67710771DB0F4688C /* Frameworks */ = {
			isa = PBXGroup;
			children = (
				69A7B12D04FEE1995BC0E2BB /* Pods_Crusht.framework */,
				EA4A2A215E63437CC19ED654 /* Pods_CrushtTests.framework */,
				A1B173C624E1A4E565EEF34B /* Pods_Crusht_CrushtUITests.framework */,
			);
			name = Frameworks;
			sourceTree = "<group>";
		};
		283816BA21B8925C00B3E4FD = {
			isa = PBXGroup;
			children = (
				283816C521B8925C00B3E4FD /* Crusht */,
				283816DA21B8925F00B3E4FD /* CrushtTests */,
				283816E521B8925F00B3E4FD /* CrushtUITests */,
				283816C421B8925C00B3E4FD /* Products */,
				409A6F96A7F6E8E67850A6B9 /* Pods */,
				121717C67710771DB0F4688C /* Frameworks */,
			);
			sourceTree = "<group>";
		};
		283816C421B8925C00B3E4FD /* Products */ = {
			isa = PBXGroup;
			children = (
				283816C321B8925C00B3E4FD /* Crusht.app */,
				283816D721B8925F00B3E4FD /* CrushtTests.xctest */,
				283816E221B8925F00B3E4FD /* CrushtUITests.xctest */,
			);
			name = Products;
			sourceTree = "<group>";
		};
		283816C521B8925C00B3E4FD /* Crusht */ = {
			isa = PBXGroup;
			children = (
				28A293CB248F3429009203FA /* GooglePlaces */,
				284E69D8248E969F005E7D12 /* New Settings */,
				28F1121921F522A900A1CD73 /* Crusht.entitlements */,
				4C7CF43B2359EF610039B0E3 /* Unused Files */,
				2838170D21B8A24B00B3E4FD /* Models */,
				283816F721B8929100B3E4FD /* Controllers */,
				283816F621B8927D00B3E4FD /* Extensions */,
				283816F521B8927700B3E4FD /* ModelViews */,
				4CA41B4E235E057900CF8529 /* Cells */,
				283816F421B8926F00B3E4FD /* Views */,
				4C7CF43D2359FD5D0039B0E3 /* Constants.swift */,
				28857CDF21B9B95900A654A0 /* Bindable.swift */,
				283816C621B8925C00B3E4FD /* AppDelegate.swift */,
				283816CA21B8925C00B3E4FD /* Main.storyboard */,
				283816CF21B8925F00B3E4FD /* LaunchScreen.storyboard */,
				285D435623FBACFA0043198A /* icons8-plus-50.png */,
				28AFA7782391155400DF2255 /* icons8-hide-30.png */,
				28EC2B6923E61D44009EEA2C /* icons8-confetti-30.png */,
				280B78B023EF72C30084D745 /* icons8-photo-gallery-100.png */,
				284E69DF248EABBE005E7D12 /* icons8-chevron-right-30.png */,
				283816CD21B8925F00B3E4FD /* Assets.xcassets */,
				283816D221B8925F00B3E4FD /* Info.plist */,
				289224BB21B9C1B20047E29B /* GoogleService-Info.plist */,
			);
			path = Crusht;
			sourceTree = "<group>";
		};
		283816DA21B8925F00B3E4FD /* CrushtTests */ = {
			isa = PBXGroup;
			children = (
				283816DB21B8925F00B3E4FD /* CrushtTests.swift */,
				283816DD21B8925F00B3E4FD /* Info.plist */,
			);
			path = CrushtTests;
			sourceTree = "<group>";
		};
		283816E521B8925F00B3E4FD /* CrushtUITests */ = {
			isa = PBXGroup;
			children = (
				283816E621B8925F00B3E4FD /* CrushtUITests.swift */,
				283816E821B8925F00B3E4FD /* Info.plist */,
			);
			path = CrushtUITests;
			sourceTree = "<group>";
		};
		283816F421B8926F00B3E4FD /* Views */ = {
			isa = PBXGroup;
			children = (
				2838170021B8A05E00B3E4FD /* LocationMatchBottomButtonsStackView.swift */,
				2838170221B8A0A700B3E4FD /* CardView.swift */,
				2838170821B8A1A600B3E4FD /* LocationMatchTopStackView.swift */,
				28857CDB21B9B82700A654A0 /* CustomTextField.swift */,
				28F54072224C23C600EC5062 /* BioTextView.swift */,
				287795E521C339CF003A060A /* MatchView.swift */,
				28F46D9421C41A2E00B7051F /* KeepSwipingButton.swift */,
				28F46D9621C41A7800B7051F /* SendMessageButton.swift */,
				287F3A8F225B1C43008F5BD0 /* AnimationView.swift */,
				286B05D622B5C9A40068015E /* InfoView.swift */,
				4CA41B3E235DECDF00CF8529 /* NameTextField.swift */,
				4CA41B40235DF2F400CF8529 /* GenderTextField.swift */,
				4CA41B59235E1FB900CF8529 /* ReportTextView.swift */,
			);
			path = Views;
			sourceTree = "<group>";
		};
		283816F521B8927700B3E4FD /* ModelViews */ = {
			isa = PBXGroup;
			children = (
				283816FE21B8A02900B3E4FD /* CardViewModel.swift */,
				28857CDD21B9B8CD00A654A0 /* RegistrationViewModel.swift */,
			);
			path = ModelViews;
			sourceTree = "<group>";
		};
		283816F621B8927D00B3E4FD /* Extensions */ = {
			isa = PBXGroup;
			children = (
				EBAC1437237913A70081A95A /* UILabelFontClass.swift */,
				2838171D21B8C90100B3E4FD /* UIViewExtension.swift */,
				28744A2021FF8BC800B438A8 /* GeoFire.swift */,
				4CA41B3A235DE7C500CF8529 /* DateExtension.swift */,
				4CA41B42235DFDD600CF8529 /* UIColorExtension.swift */,
				4CA41B44235DFE0A00CF8529 /* UIImageViewExtension.swift */,
			);
			path = Extensions;
			sourceTree = "<group>";
		};
		283816F721B8929100B3E4FD /* Controllers */ = {
			isa = PBXGroup;
			children = (
				28EDA733240208BD00450BA7 /* Party */,
				4C7CF43C2359F0C80039B0E3 /* Registration */,
				28BE624F21BE08F300EAFFE2 /* User Details */,
				28BE624821BDB76A00EAFFE2 /* Login */,
				283816C821B8925C00B3E4FD /* LocationMatchViewController.swift */,
				283FD3DA227E669000C7760F /* CustomTabBarController.swift */,
				28A7F9E521BC3C1D00238B7D /* EditProfileController.swift */,
				28908D8B21C0ADD400391A39 /* FindCrushesTableViewController.swift */,
				28067D2D21C0C18D001F6BC5 /* MessageController.swift */,
				28CFC6B621C5B46A00387129 /* ChatLogController.swift */,
				28AE45FB21E6BEB400977F1E /* SchoolCrushController.swift */,
				2850A13F224EC79700A2CEB9 /* ReportControllerViewController.swift */,
				28C06E0A22593CE3004F0C1E /* MessageReportController.swift */,
				2857DF09226BF9CE0072C952 /* BarsTableView.swift */,
				2895576C227E62B5001EFD73 /* UsersInBarTableView.swift */,
				2864C4EF228E6FC500E3165F /* TermsViewController.swift */,
				2864C4F1228E743B00E3165F /* PrivacyController.swift */,
			);
			path = Controllers;
			sourceTree = "<group>";
		};
		2838170D21B8A24B00B3E4FD /* Models */ = {
			isa = PBXGroup;
			children = (
				2838170E21B8A26400B3E4FD /* User.swift */,
				2838170621B8A11000B3E4FD /* Advertiser.swift */,
				28CFC6B421C5B3ED00387129 /* Message.swift */,
				2850A141224EE4C500A2CEB9 /* Reports.swift */,
				28C3032F226BFE21002FB145 /* Venue.swift */,
				4CA41B3C235DE93800CF8529 /* CrushScore.swift */,
				28908D8721C0AB2C00391A39 /* ExpandableContacts.swift */,
				4CA41B46235DFF9A00CF8529 /* FavoritableContact.swift */,
				285D434C23FB35D30043198A /* Party.swift */,
				28EDA72923FF96D500450BA7 /* Post.swift */,
			);
			path = Models;
			sourceTree = "<group>";
		};
		284E69D8248E969F005E7D12 /* New Settings */ = {
			isa = PBXGroup;
			children = (
				284E69DD248E96FC005E7D12 /* UserInfoHeader.swift */,
				284E69D9248E96BB005E7D12 /* SettingsCell.swift */,
				284E69DA248E96BE005E7D12 /* ViewController.swift */,
			);
			path = "New Settings";
			sourceTree = "<group>";
		};
		28A293CB248F3429009203FA /* GooglePlaces */ = {
			isa = PBXGroup;
			children = (
				28A293CC248F3441009203FA /* ResponseModels.swift */,
				28A293CE248F3528009203FA /* GoogleClient.swift */,
			);
			path = GooglePlaces;
			sourceTree = "<group>";
		};
		28BE624821BDB76A00EAFFE2 /* Login */ = {
			isa = PBXGroup;
			children = (
				28857CCA21B9A91500A654A0 /* LoginViewController.swift */,
				28857CD021B9A9C200A654A0 /* VerifyViewController.swift */,
			);
			path = Login;
			sourceTree = "<group>";
		};
		28BE624F21BE08F300EAFFE2 /* User Details */ = {
			isa = PBXGroup;
			children = (
				28BE625021BE091E00EAFFE2 /* UserDetailsController.swift */,
				286458CA21BF2A3D00401029 /* SwipingPhotosController.swift */,
				28BE1274227FD879000B8911 /* CurrentUserDetailsNoReportController.swift */,
			);
			path = "User Details";
			sourceTree = "<group>";
		};
		28EDA733240208BD00450BA7 /* Party */ = {
			isa = PBXGroup;
			children = (
				28795C4D23E2B02400503FB2 /* PartyListController.swift */,
				285D435023FB3C7A0043198A /* NewPartyController.swift */,
				285D435223FBA8410043198A /* InviteController.swift */,
				283B5E5D23FDD3BB006F5ED4 /* PartyPageController.swift */,
				28EDA72B23FFBEC100450BA7 /* GuestsController.swift */,
				28EDA72F23FFCF4200450BA7 /* EditPartyController.swift */,
				28EDA731240208B400450BA7 /* PostController.swift */,
				28D339062405BC9900764EE8 /* InviteTabController.swift */,
				28D339082405BCFC00764EE8 /* SchoolInviteController.swift */,
			);
			path = Party;
			sourceTree = "<group>";
		};
		409A6F96A7F6E8E67850A6B9 /* Pods */ = {
			isa = PBXGroup;
			children = (
				F9F358249431986AA0434164 /* Pods-Crusht.debug.xcconfig */,
				8F894DA439ED2820A9D9F768 /* Pods-Crusht.release.xcconfig */,
				64833AB1BC80200DDEE3B561 /* Pods-CrushtTests.debug.xcconfig */,
				9F2CDFB52A04A8C208B9809A /* Pods-CrushtTests.release.xcconfig */,
				D86843720101E2EB6A894FE8 /* Pods-CrushtUITests.debug.xcconfig */,
				44530FC6002BA7EA8E6E16C3 /* Pods-CrushtUITests.release.xcconfig */,
				B8FF10410AF1EB75A05F800B /* Pods-Crusht-CrushtUITests.debug.xcconfig */,
				B6FF77B309364C20CAC59D56 /* Pods-Crusht-CrushtUITests.release.xcconfig */,
			);
			path = Pods;
			sourceTree = "<group>";
		};
		4C7CF43B2359EF610039B0E3 /* Unused Files */ = {
			isa = PBXGroup;
			children = (
				28F369E121E9A2F20007FBC6 /* SeniorFiveModel.swift */,
				2838170A21B8A1F300B3E4FD /* ProfilePageViewController.swift */,
				28908D8D21C0B52900391A39 /* SeniorFiveTableViewController.swift */,
				28315C5921E92C620066BEE2 /* NewSeniorFivePostTableViewController.swift */,
				28F1121E21F58FC600A1CD73 /* EnterMorePhoneInfoViewController.swift */,
				28D25FF221F6CAAB00E69069 /* TransitionCrushesController.swift */,
				28B66A0921FAB5860068ABF3 /* FacebookCrushController.swift */,
				2859707522026EF800EB83CE /* FacebookPhoneController.swift */,
				2859707D2202C73800EB83CE /* CheckVerificationViewController.swift */,
				28315C5721E925400066BEE2 /* SeniorFiveTableViewCell.swift */,
				28F369DF21E99CD30007FBC6 /* SeniorFivePostsTableViewCell.swift */,
				28B66A0B21FE4A410068ABF3 /* SchoolTextFieldDropDown.swift */,
				28FDE2D72216672000896198 /* FacebookCrushCell.swift */,
				288C87CC21F28C25000B5058 /* SchoolCrushes.swift */,
				28711AAF220BABC400DD82EB /* SearchFooter.swift */,
			);
			path = "Unused Files";
			sourceTree = "<group>";
		};
		4C7CF43C2359F0C80039B0E3 /* Registration */ = {
			isa = PBXGroup;
			children = (
				28F1121C21F5818900A1CD73 /* PhoneNumberViewController.swift */,
				28FD7D0F22641FB100B79496 /* EnterNameController.swift */,
				28FD7D112264238A00B79496 /* BirthdayController.swift */,
				28FD7D13226425D800B79496 /* EnterSchoolController.swift */,
				28FD7D152264282B00B79496 /* BioController.swift */,
				28FD7D0D2261BA8900B79496 /* YourSexController.swift */,
				28FD7D0B2261AFBB00B79496 /* GenderController.swift */,
				28FD7D1722642D4700B79496 /* EnterPhotoController.swift */,
			);
			path = Registration;
			sourceTree = "<group>";
		};
		4CA41B4E235E057900CF8529 /* Cells */ = {
			isa = PBXGroup;
			children = (
				4CA41B57235E0DE700CF8529 /* FbConnectCell.swift */,
				4C60BD6D235630A900B59D35 /* LoadingCell.swift */,
				28BE624221BD8B9100EAFFE2 /* AgeRangeTableViewCell.swift */,
				28067D2F21C0C6FC001F6BC5 /* LocationTableViewCell.swift */,
				280B1ED221CB3FD700A89C5E /* UserCell.swift */,
				2895576E227E644F001EFD73 /* UserBarCell.swift */,
				4CA41B48235E053200CF8529 /* GenderCell.swift */,
				4CA41B4A235E054B00CF8529 /* GenderPrefCell.swift */,
				4CA41B4C235E056500CF8529 /* SchoolCell.swift */,
				285A34A521BC7B920086CC95 /* SettingsCells.swift */,
				28F54070224C163F00EC5062 /* BioCell.swift */,
				28908D8921C0AB6400391A39 /* ContactsCell.swift */,
				28CFC6AC21C56A1700387129 /* SchoolTableViewCell.swift */,
				280B1ED421CB407C00A89C5E /* ChatMessageCell.swift */,
				28A9BD5E220FA4C900712263 /* LogoutBttnCell.swift */,
				28C30331226C02AE002FB145 /* VenueCell.swift */,
				4CA41B4F235E0D6800CF8529 /* TermsCell.swift */,
				4CA41B51235E0D8100CF8529 /* VerificationNumberCell.swift */,
				4CA41B53235E0DA800CF8529 /* SupportCell.swift */,
				4CA41B55235E0DCB00CF8529 /* ContactsTextCell.swift */,
				285D434E23FB37BF0043198A /* PartyCell.swift */,
				285D435423FBABA10043198A /* InviteContactsCell.swift */,
				283B5E5F23FF23ED006F5ED4 /* PartyPageCell.swift */,
				28EDA72D23FFC73E00450BA7 /* GuestListCell.swift */,
				28D3390A2405C3A700764EE8 /* InviteSchoolCell.swift */,
			);
			path = Cells;
			sourceTree = "<group>";
		};
/* End PBXGroup section */

/* Begin PBXNativeTarget section */
		283816C221B8925C00B3E4FD /* Crusht */ = {
			isa = PBXNativeTarget;
			buildConfigurationList = 283816EB21B8925F00B3E4FD /* Build configuration list for PBXNativeTarget "Crusht" */;
			buildPhases = (
				35AD4C2468730FF298E35D66 /* [CP] Check Pods Manifest.lock */,
				283816BF21B8925C00B3E4FD /* Sources */,
				283816C021B8925C00B3E4FD /* Frameworks */,
				283816C121B8925C00B3E4FD /* Resources */,
				28FD7D192264488900B79496 /* ShellScript */,
				70B48AA68F8B1112A6B9C970 /* [CP] Embed Pods Frameworks */,
				8FA5215FEB841E61CE1E0F10 /* [CP] Copy Pods Resources */,
			);
			buildRules = (
			);
			dependencies = (
			);
			name = Crusht;
			productName = Crusht;
			productReference = 283816C321B8925C00B3E4FD /* Crusht.app */;
			productType = "com.apple.product-type.application";
		};
		283816D621B8925F00B3E4FD /* CrushtTests */ = {
			isa = PBXNativeTarget;
			buildConfigurationList = 283816EE21B8925F00B3E4FD /* Build configuration list for PBXNativeTarget "CrushtTests" */;
			buildPhases = (
				E10757B4C450657677624556 /* [CP] Check Pods Manifest.lock */,
				283816D321B8925F00B3E4FD /* Sources */,
				283816D421B8925F00B3E4FD /* Frameworks */,
				283816D521B8925F00B3E4FD /* Resources */,
			);
			buildRules = (
			);
			dependencies = (
				283816D921B8925F00B3E4FD /* PBXTargetDependency */,
			);
			name = CrushtTests;
			productName = CrushtTests;
			productReference = 283816D721B8925F00B3E4FD /* CrushtTests.xctest */;
			productType = "com.apple.product-type.bundle.unit-test";
		};
		283816E121B8925F00B3E4FD /* CrushtUITests */ = {
			isa = PBXNativeTarget;
			buildConfigurationList = 283816F121B8925F00B3E4FD /* Build configuration list for PBXNativeTarget "CrushtUITests" */;
			buildPhases = (
				23A5DFB4B203144BF09D1C5D /* [CP] Check Pods Manifest.lock */,
				283816DE21B8925F00B3E4FD /* Sources */,
				283816DF21B8925F00B3E4FD /* Frameworks */,
				283816E021B8925F00B3E4FD /* Resources */,
				FCE89636B8D0F6C2E5E8571C /* [CP] Embed Pods Frameworks */,
				ABD5A0598E8ADCB5E842D1E6 /* [CP] Copy Pods Resources */,
			);
			buildRules = (
			);
			dependencies = (
				283816E421B8925F00B3E4FD /* PBXTargetDependency */,
			);
			name = CrushtUITests;
			productName = CrushtUITests;
			productReference = 283816E221B8925F00B3E4FD /* CrushtUITests.xctest */;
			productType = "com.apple.product-type.bundle.ui-testing";
		};
/* End PBXNativeTarget section */

/* Begin PBXProject section */
		283816BB21B8925C00B3E4FD /* Project object */ = {
			isa = PBXProject;
			attributes = {
				LastSwiftUpdateCheck = 1010;
				LastUpgradeCheck = 1010;
				ORGANIZATIONNAME = "William Kelly";
				TargetAttributes = {
					283816C221B8925C00B3E4FD = {
						CreatedOnToolsVersion = 10.1;
						SystemCapabilities = {
							com.apple.Push = {
								enabled = 1;
							};
						};
					};
					283816D621B8925F00B3E4FD = {
						CreatedOnToolsVersion = 10.1;
						TestTargetID = 283816C221B8925C00B3E4FD;
					};
					283816E121B8925F00B3E4FD = {
						CreatedOnToolsVersion = 10.1;
						TestTargetID = 283816C221B8925C00B3E4FD;
					};
				};
			};
			buildConfigurationList = 283816BE21B8925C00B3E4FD /* Build configuration list for PBXProject "Crusht" */;
			compatibilityVersion = "Xcode 9.3";
			developmentRegion = en;
			hasScannedForEncodings = 0;
			knownRegions = (
				en,
				Base,
			);
			mainGroup = 283816BA21B8925C00B3E4FD;
			productRefGroup = 283816C421B8925C00B3E4FD /* Products */;
			projectDirPath = "";
			projectRoot = "";
			targets = (
				283816C221B8925C00B3E4FD /* Crusht */,
				283816D621B8925F00B3E4FD /* CrushtTests */,
				283816E121B8925F00B3E4FD /* CrushtUITests */,
			);
		};
/* End PBXProject section */

/* Begin PBXResourcesBuildPhase section */
		283816C121B8925C00B3E4FD /* Resources */ = {
			isa = PBXResourcesBuildPhase;
			buildActionMask = 2147483647;
			files = (
				283816D121B8925F00B3E4FD /* LaunchScreen.storyboard in Resources */,
				289224BC21B9C1B20047E29B /* GoogleService-Info.plist in Resources */,
				28EC2B6A23E61D44009EEA2C /* icons8-confetti-30.png in Resources */,
				280B78B123EF72C30084D745 /* icons8-photo-gallery-100.png in Resources */,
				285D435723FBACFB0043198A /* icons8-plus-50.png in Resources */,
				284E69E0248EABBE005E7D12 /* icons8-chevron-right-30.png in Resources */,
				283816CE21B8925F00B3E4FD /* Assets.xcassets in Resources */,
				28AFA7792391155400DF2255 /* icons8-hide-30.png in Resources */,
				283816CC21B8925C00B3E4FD /* Main.storyboard in Resources */,
			);
			runOnlyForDeploymentPostprocessing = 0;
		};
		283816D521B8925F00B3E4FD /* Resources */ = {
			isa = PBXResourcesBuildPhase;
			buildActionMask = 2147483647;
			files = (
			);
			runOnlyForDeploymentPostprocessing = 0;
		};
		283816E021B8925F00B3E4FD /* Resources */ = {
			isa = PBXResourcesBuildPhase;
			buildActionMask = 2147483647;
			files = (
			);
			runOnlyForDeploymentPostprocessing = 0;
		};
/* End PBXResourcesBuildPhase section */

/* Begin PBXShellScriptBuildPhase section */
		23A5DFB4B203144BF09D1C5D /* [CP] Check Pods Manifest.lock */ = {
			isa = PBXShellScriptBuildPhase;
			buildActionMask = 2147483647;
			files = (
			);
			inputFileListPaths = (
			);
			inputPaths = (
				"${PODS_PODFILE_DIR_PATH}/Podfile.lock",
				"${PODS_ROOT}/Manifest.lock",
			);
			name = "[CP] Check Pods Manifest.lock";
			outputFileListPaths = (
			);
			outputPaths = (
				"$(DERIVED_FILE_DIR)/Pods-Crusht-CrushtUITests-checkManifestLockResult.txt",
			);
			runOnlyForDeploymentPostprocessing = 0;
			shellPath = /bin/sh;
			shellScript = "diff \"${PODS_PODFILE_DIR_PATH}/Podfile.lock\" \"${PODS_ROOT}/Manifest.lock\" > /dev/null\nif [ $? != 0 ] ; then\n    # print error to STDERR\n    echo \"error: The sandbox is not in sync with the Podfile.lock. Run 'pod install' or update your CocoaPods installation.\" >&2\n    exit 1\nfi\n# This output is used by Xcode 'outputs' to avoid re-running this script phase.\necho \"SUCCESS\" > \"${SCRIPT_OUTPUT_FILE_0}\"\n";
			showEnvVarsInLog = 0;
		};
		28FD7D192264488900B79496 /* ShellScript */ = {
			isa = PBXShellScriptBuildPhase;
			buildActionMask = 2147483647;
			files = (
			);
			inputFileListPaths = (
			);
			inputPaths = (
			);
			outputFileListPaths = (
			);
			outputPaths = (
			);
			runOnlyForDeploymentPostprocessing = 0;
			shellPath = /bin/sh;
			shellScript = "\"${PODS_ROOT}/Fabric/run\"\n";
		};
		35AD4C2468730FF298E35D66 /* [CP] Check Pods Manifest.lock */ = {
			isa = PBXShellScriptBuildPhase;
			buildActionMask = 2147483647;
			files = (
			);
			inputFileListPaths = (
			);
			inputPaths = (
				"${PODS_PODFILE_DIR_PATH}/Podfile.lock",
				"${PODS_ROOT}/Manifest.lock",
			);
			name = "[CP] Check Pods Manifest.lock";
			outputFileListPaths = (
			);
			outputPaths = (
				"$(DERIVED_FILE_DIR)/Pods-Crusht-checkManifestLockResult.txt",
			);
			runOnlyForDeploymentPostprocessing = 0;
			shellPath = /bin/sh;
			shellScript = "diff \"${PODS_PODFILE_DIR_PATH}/Podfile.lock\" \"${PODS_ROOT}/Manifest.lock\" > /dev/null\nif [ $? != 0 ] ; then\n    # print error to STDERR\n    echo \"error: The sandbox is not in sync with the Podfile.lock. Run 'pod install' or update your CocoaPods installation.\" >&2\n    exit 1\nfi\n# This output is used by Xcode 'outputs' to avoid re-running this script phase.\necho \"SUCCESS\" > \"${SCRIPT_OUTPUT_FILE_0}\"\n";
			showEnvVarsInLog = 0;
		};
		70B48AA68F8B1112A6B9C970 /* [CP] Embed Pods Frameworks */ = {
			isa = PBXShellScriptBuildPhase;
			buildActionMask = 2147483647;
			files = (
			);
			inputFileListPaths = (
				"${PODS_ROOT}/Target Support Files/Pods-Crusht/Pods-Crusht-frameworks-${CONFIGURATION}-input-files.xcfilelist",
			);
			name = "[CP] Embed Pods Frameworks";
			outputFileListPaths = (
				"${PODS_ROOT}/Target Support Files/Pods-Crusht/Pods-Crusht-frameworks-${CONFIGURATION}-output-files.xcfilelist",
			);
			runOnlyForDeploymentPostprocessing = 0;
			shellPath = /bin/sh;
			shellScript = "\"${PODS_ROOT}/Target Support Files/Pods-Crusht/Pods-Crusht-frameworks.sh\"\n";
			showEnvVarsInLog = 0;
		};
		8FA5215FEB841E61CE1E0F10 /* [CP] Copy Pods Resources */ = {
			isa = PBXShellScriptBuildPhase;
			buildActionMask = 2147483647;
			files = (
			);
			inputFileListPaths = (
				"${PODS_ROOT}/Target Support Files/Pods-Crusht/Pods-Crusht-resources-${CONFIGURATION}-input-files.xcfilelist",
			);
			name = "[CP] Copy Pods Resources";
			outputFileListPaths = (
				"${PODS_ROOT}/Target Support Files/Pods-Crusht/Pods-Crusht-resources-${CONFIGURATION}-output-files.xcfilelist",
			);
			runOnlyForDeploymentPostprocessing = 0;
			shellPath = /bin/sh;
			shellScript = "\"${PODS_ROOT}/Target Support Files/Pods-Crusht/Pods-Crusht-resources.sh\"\n";
			showEnvVarsInLog = 0;
		};
		ABD5A0598E8ADCB5E842D1E6 /* [CP] Copy Pods Resources */ = {
			isa = PBXShellScriptBuildPhase;
			buildActionMask = 2147483647;
			files = (
			);
			inputFileListPaths = (
				"${PODS_ROOT}/Target Support Files/Pods-Crusht-CrushtUITests/Pods-Crusht-CrushtUITests-resources-${CONFIGURATION}-input-files.xcfilelist",
			);
			name = "[CP] Copy Pods Resources";
			outputFileListPaths = (
				"${PODS_ROOT}/Target Support Files/Pods-Crusht-CrushtUITests/Pods-Crusht-CrushtUITests-resources-${CONFIGURATION}-output-files.xcfilelist",
			);
			runOnlyForDeploymentPostprocessing = 0;
			shellPath = /bin/sh;
			shellScript = "\"${PODS_ROOT}/Target Support Files/Pods-Crusht-CrushtUITests/Pods-Crusht-CrushtUITests-resources.sh\"\n";
			showEnvVarsInLog = 0;
		};
		E10757B4C450657677624556 /* [CP] Check Pods Manifest.lock */ = {
			isa = PBXShellScriptBuildPhase;
			buildActionMask = 2147483647;
			files = (
			);
			inputFileListPaths = (
			);
			inputPaths = (
				"${PODS_PODFILE_DIR_PATH}/Podfile.lock",
				"${PODS_ROOT}/Manifest.lock",
			);
			name = "[CP] Check Pods Manifest.lock";
			outputFileListPaths = (
			);
			outputPaths = (
				"$(DERIVED_FILE_DIR)/Pods-CrushtTests-checkManifestLockResult.txt",
			);
			runOnlyForDeploymentPostprocessing = 0;
			shellPath = /bin/sh;
			shellScript = "diff \"${PODS_PODFILE_DIR_PATH}/Podfile.lock\" \"${PODS_ROOT}/Manifest.lock\" > /dev/null\nif [ $? != 0 ] ; then\n    # print error to STDERR\n    echo \"error: The sandbox is not in sync with the Podfile.lock. Run 'pod install' or update your CocoaPods installation.\" >&2\n    exit 1\nfi\n# This output is used by Xcode 'outputs' to avoid re-running this script phase.\necho \"SUCCESS\" > \"${SCRIPT_OUTPUT_FILE_0}\"\n";
			showEnvVarsInLog = 0;
		};
		FCE89636B8D0F6C2E5E8571C /* [CP] Embed Pods Frameworks */ = {
			isa = PBXShellScriptBuildPhase;
			buildActionMask = 2147483647;
			files = (
			);
			inputFileListPaths = (
				"${PODS_ROOT}/Target Support Files/Pods-Crusht-CrushtUITests/Pods-Crusht-CrushtUITests-frameworks-${CONFIGURATION}-input-files.xcfilelist",
			);
			name = "[CP] Embed Pods Frameworks";
			outputFileListPaths = (
				"${PODS_ROOT}/Target Support Files/Pods-Crusht-CrushtUITests/Pods-Crusht-CrushtUITests-frameworks-${CONFIGURATION}-output-files.xcfilelist",
			);
			runOnlyForDeploymentPostprocessing = 0;
			shellPath = /bin/sh;
			shellScript = "\"${PODS_ROOT}/Target Support Files/Pods-Crusht-CrushtUITests/Pods-Crusht-CrushtUITests-frameworks.sh\"\n";
			showEnvVarsInLog = 0;
		};
/* End PBXShellScriptBuildPhase section */

/* Begin PBXSourcesBuildPhase section */
		283816BF21B8925C00B3E4FD /* Sources */ = {
			isa = PBXSourcesBuildPhase;
			buildActionMask = 2147483647;
			files = (
				2838170F21B8A26400B3E4FD /* User.swift in Sources */,
				283B5E5E23FDD3BB006F5ED4 /* PartyPageController.swift in Sources */,
				28F54071224C163F00EC5062 /* BioCell.swift in Sources */,
				2838170721B8A11000B3E4FD /* Advertiser.swift in Sources */,
				28B66A0A21FAB5860068ABF3 /* FacebookCrushController.swift in Sources */,
				28EDA72C23FFBEC100450BA7 /* GuestsController.swift in Sources */,
				28857CDC21B9B82700A654A0 /* CustomTextField.swift in Sources */,
				285A34A621BC7B920086CC95 /* SettingsCells.swift in Sources */,
				28BE625121BE091E00EAFFE2 /* UserDetailsController.swift in Sources */,
				283B5E6023FF23ED006F5ED4 /* PartyPageCell.swift in Sources */,
				28F369E021E99CD30007FBC6 /* SeniorFivePostsTableViewCell.swift in Sources */,
				4CA41B3F235DECDF00CF8529 /* NameTextField.swift in Sources */,
				287F3A90225B1C43008F5BD0 /* AnimationView.swift in Sources */,
				28857CCB21B9A91500A654A0 /* LoginViewController.swift in Sources */,
				28315C5821E925400066BEE2 /* SeniorFiveTableViewCell.swift in Sources */,
				4CA41B49235E053200CF8529 /* GenderCell.swift in Sources */,
				4CA41B4D235E056500CF8529 /* SchoolCell.swift in Sources */,
				283FD3DB227E669000C7760F /* CustomTabBarController.swift in Sources */,
				28F46D9521C41A2E00B7051F /* KeepSwipingButton.swift in Sources */,
				28F369E221E9A2F20007FBC6 /* SeniorFiveModel.swift in Sources */,
				28F1121D21F5818900A1CD73 /* PhoneNumberViewController.swift in Sources */,
				4CA41B41235DF2F400CF8529 /* GenderTextField.swift in Sources */,
				28EDA72A23FF96D500450BA7 /* Post.swift in Sources */,
				2850A140224EC79700A2CEB9 /* ReportControllerViewController.swift in Sources */,
				283816C921B8925C00B3E4FD /* LocationMatchViewController.swift in Sources */,
				28A293CD248F3441009203FA /* ResponseModels.swift in Sources */,
				2895576F227E644F001EFD73 /* UserBarCell.swift in Sources */,
				4C60BD6E235630A900B59D35 /* LoadingCell.swift in Sources */,
				28FD7D1022641FB100B79496 /* EnterNameController.swift in Sources */,
				284E69DB248E96BE005E7D12 /* SettingsCell.swift in Sources */,
				4CA41B4B235E054B00CF8529 /* GenderPrefCell.swift in Sources */,
				28FDE2D82216672000896198 /* FacebookCrushCell.swift in Sources */,
				285D434F23FB37BF0043198A /* PartyCell.swift in Sources */,
				285D434D23FB35D30043198A /* Party.swift in Sources */,
				284E69DE248E96FC005E7D12 /* UserInfoHeader.swift in Sources */,
				280B1ED521CB407C00A89C5E /* ChatMessageCell.swift in Sources */,
				4CA41B56235E0DCB00CF8529 /* ContactsTextCell.swift in Sources */,
				28FD7D14226425D800B79496 /* EnterSchoolController.swift in Sources */,
				28FD7D162264282B00B79496 /* BioController.swift in Sources */,
				283816FF21B8A02900B3E4FD /* CardViewModel.swift in Sources */,
				286458CB21BF2A3D00401029 /* SwipingPhotosController.swift in Sources */,
				285D435323FBA8410043198A /* InviteController.swift in Sources */,
				4CA41B3D235DE93800CF8529 /* CrushScore.swift in Sources */,
				2857DF0A226BF9CE0072C952 /* BarsTableView.swift in Sources */,
				2895576D227E62B5001EFD73 /* UsersInBarTableView.swift in Sources */,
				28F1121F21F58FC600A1CD73 /* EnterMorePhoneInfoViewController.swift in Sources */,
				28EDA73023FFCF4200450BA7 /* EditPartyController.swift in Sources */,
				28C30332226C02AE002FB145 /* VenueCell.swift in Sources */,
				28744A2121FF8BC800B438A8 /* GeoFire.swift in Sources */,
				28D3390B2405C3A700764EE8 /* InviteSchoolCell.swift in Sources */,
				4CA41B3B235DE7C500CF8529 /* DateExtension.swift in Sources */,
				28315C5A21E92C620066BEE2 /* NewSeniorFivePostTableViewController.swift in Sources */,
				287795E621C339CF003A060A /* MatchView.swift in Sources */,
				2838170921B8A1A600B3E4FD /* LocationMatchTopStackView.swift in Sources */,
				28B66A0C21FE4A410068ABF3 /* SchoolTextFieldDropDown.swift in Sources */,
				4CA41B54235E0DA800CF8529 /* SupportCell.swift in Sources */,
				4CA41B47235DFF9A00CF8529 /* FavoritableContact.swift in Sources */,
				2859707622026EF800EB83CE /* FacebookPhoneController.swift in Sources */,
				288C87CD21F28C25000B5058 /* SchoolCrushes.swift in Sources */,
				4CA41B58235E0DE700CF8529 /* FbConnectCell.swift in Sources */,
				4CA41B43235DFDD600CF8529 /* UIColorExtension.swift in Sources */,
				28FD7D1822642D4700B79496 /* EnterPhotoController.swift in Sources */,
				28D25FF321F6CAAB00E69069 /* TransitionCrushesController.swift in Sources */,
				28067D2E21C0C18D001F6BC5 /* MessageController.swift in Sources */,
				28C06E0B22593CE3004F0C1E /* MessageReportController.swift in Sources */,
				28C30330226BFE21002FB145 /* Venue.swift in Sources */,
				28CFC6B721C5B46A00387129 /* ChatLogController.swift in Sources */,
				4CA41B5A235E1FB900CF8529 /* ReportTextView.swift in Sources */,
				285D435523FBABA10043198A /* InviteContactsCell.swift in Sources */,
				28BE1275227FD879000B8911 /* CurrentUserDetailsNoReportController.swift in Sources */,
				28795C4E23E2B02400503FB2 /* PartyListController.swift in Sources */,
				28EDA732240208B500450BA7 /* PostController.swift in Sources */,
				28067D3021C0C6FC001F6BC5 /* LocationTableViewCell.swift in Sources */,
				28CFC6B521C5B3ED00387129 /* Message.swift in Sources */,
				EBAC1438237913A70081A95A /* UILabelFontClass.swift in Sources */,
				280B1ED321CB3FD700A89C5E /* UserCell.swift in Sources */,
				28A7F9E621BC3C1D00238B7D /* EditProfileController.swift in Sources */,
				28857CDE21B9B8CD00A654A0 /* RegistrationViewModel.swift in Sources */,
				28857CD121B9A9C200A654A0 /* VerifyViewController.swift in Sources */,
				4CA41B50235E0D6800CF8529 /* TermsCell.swift in Sources */,
				28A293CF248F3528009203FA /* GoogleClient.swift in Sources */,
				2859707E2202C73800EB83CE /* CheckVerificationViewController.swift in Sources */,
				2850A142224EE4C500A2CEB9 /* Reports.swift in Sources */,
				28908D8C21C0ADD400391A39 /* FindCrushesTableViewController.swift in Sources */,
				28AE45FC21E6BEB400977F1E /* SchoolCrushController.swift in Sources */,
				28F54073224C23C600EC5062 /* BioTextView.swift in Sources */,
				2864C4F0228E6FC500E3165F /* TermsViewController.swift in Sources */,
				28FD7D0C2261AFBB00B79496 /* GenderController.swift in Sources */,
				4CA41B45235DFE0A00CF8529 /* UIImageViewExtension.swift in Sources */,
				28908D8A21C0AB6400391A39 /* ContactsCell.swift in Sources */,
				2838170B21B8A1F300B3E4FD /* ProfilePageViewController.swift in Sources */,
				28A9BD5F220FA4C900712263 /* LogoutBttnCell.swift in Sources */,
				28FD7D122264238A00B79496 /* BirthdayController.swift in Sources */,
				2838171E21B8C90100B3E4FD /* UIViewExtension.swift in Sources */,
				28908D8821C0AB2C00391A39 /* ExpandableContacts.swift in Sources */,
				28D339092405BCFC00764EE8 /* SchoolInviteController.swift in Sources */,
				284E69DC248E96BE005E7D12 /* ViewController.swift in Sources */,
				2838170121B8A05E00B3E4FD /* LocationMatchBottomButtonsStackView.swift in Sources */,
				4CA41B52235E0D8100CF8529 /* VerificationNumberCell.swift in Sources */,
				28F46D9721C41A7800B7051F /* SendMessageButton.swift in Sources */,
				28857CE021B9B95900A654A0 /* Bindable.swift in Sources */,
				4C7CF43E2359FD5D0039B0E3 /* Constants.swift in Sources */,
				28BE624321BD8B9100EAFFE2 /* AgeRangeTableViewCell.swift in Sources */,
				2838170321B8A0A700B3E4FD /* CardView.swift in Sources */,
				2864C4F2228E743B00E3165F /* PrivacyController.swift in Sources */,
				283816C721B8925C00B3E4FD /* AppDelegate.swift in Sources */,
				285D435123FB3C7A0043198A /* NewPartyController.swift in Sources */,
				28EDA72E23FFC73E00450BA7 /* GuestListCell.swift in Sources */,
				28908D8E21C0B52900391A39 /* SeniorFiveTableViewController.swift in Sources */,
				28CFC6AD21C56A1700387129 /* SchoolTableViewCell.swift in Sources */,
				28FD7D0E2261BA8900B79496 /* YourSexController.swift in Sources */,
				28D339072405BC9900764EE8 /* InviteTabController.swift in Sources */,
				286B05D722B5C9A40068015E /* InfoView.swift in Sources */,
				28711AB0220BABC400DD82EB /* SearchFooter.swift in Sources */,
			);
			runOnlyForDeploymentPostprocessing = 0;
		};
		283816D321B8925F00B3E4FD /* Sources */ = {
			isa = PBXSourcesBuildPhase;
			buildActionMask = 2147483647;
			files = (
				283816DC21B8925F00B3E4FD /* CrushtTests.swift in Sources */,
			);
			runOnlyForDeploymentPostprocessing = 0;
		};
		283816DE21B8925F00B3E4FD /* Sources */ = {
			isa = PBXSourcesBuildPhase;
			buildActionMask = 2147483647;
			files = (
				283816E721B8925F00B3E4FD /* CrushtUITests.swift in Sources */,
			);
			runOnlyForDeploymentPostprocessing = 0;
		};
/* End PBXSourcesBuildPhase section */

/* Begin PBXTargetDependency section */
		283816D921B8925F00B3E4FD /* PBXTargetDependency */ = {
			isa = PBXTargetDependency;
			target = 283816C221B8925C00B3E4FD /* Crusht */;
			targetProxy = 283816D821B8925F00B3E4FD /* PBXContainerItemProxy */;
		};
		283816E421B8925F00B3E4FD /* PBXTargetDependency */ = {
			isa = PBXTargetDependency;
			target = 283816C221B8925C00B3E4FD /* Crusht */;
			targetProxy = 283816E321B8925F00B3E4FD /* PBXContainerItemProxy */;
		};
/* End PBXTargetDependency section */

/* Begin PBXVariantGroup section */
		283816CA21B8925C00B3E4FD /* Main.storyboard */ = {
			isa = PBXVariantGroup;
			children = (
				283816CB21B8925C00B3E4FD /* Base */,
			);
			name = Main.storyboard;
			sourceTree = "<group>";
		};
		283816CF21B8925F00B3E4FD /* LaunchScreen.storyboard */ = {
			isa = PBXVariantGroup;
			children = (
				283816D021B8925F00B3E4FD /* Base */,
			);
			name = LaunchScreen.storyboard;
			sourceTree = "<group>";
		};
/* End PBXVariantGroup section */

/* Begin XCBuildConfiguration section */
		283816E921B8925F00B3E4FD /* Debug */ = {
			isa = XCBuildConfiguration;
			buildSettings = {
				ALWAYS_SEARCH_USER_PATHS = NO;
				CLANG_ANALYZER_NONNULL = YES;
				CLANG_ANALYZER_NUMBER_OBJECT_CONVERSION = YES_AGGRESSIVE;
				CLANG_CXX_LANGUAGE_STANDARD = "gnu++14";
				CLANG_CXX_LIBRARY = "libc++";
				CLANG_ENABLE_MODULES = YES;
				CLANG_ENABLE_OBJC_ARC = YES;
				CLANG_ENABLE_OBJC_WEAK = YES;
				CLANG_WARN_BLOCK_CAPTURE_AUTORELEASING = YES;
				CLANG_WARN_BOOL_CONVERSION = YES;
				CLANG_WARN_COMMA = YES;
				CLANG_WARN_CONSTANT_CONVERSION = YES;
				CLANG_WARN_DEPRECATED_OBJC_IMPLEMENTATIONS = YES;
				CLANG_WARN_DIRECT_OBJC_ISA_USAGE = YES_ERROR;
				CLANG_WARN_DOCUMENTATION_COMMENTS = YES;
				CLANG_WARN_EMPTY_BODY = YES;
				CLANG_WARN_ENUM_CONVERSION = YES;
				CLANG_WARN_INFINITE_RECURSION = YES;
				CLANG_WARN_INT_CONVERSION = YES;
				CLANG_WARN_NON_LITERAL_NULL_CONVERSION = YES;
				CLANG_WARN_OBJC_IMPLICIT_RETAIN_SELF = YES;
				CLANG_WARN_OBJC_LITERAL_CONVERSION = YES;
				CLANG_WARN_OBJC_ROOT_CLASS = YES_ERROR;
				CLANG_WARN_RANGE_LOOP_ANALYSIS = YES;
				CLANG_WARN_STRICT_PROTOTYPES = YES;
				CLANG_WARN_SUSPICIOUS_MOVE = YES;
				CLANG_WARN_UNGUARDED_AVAILABILITY = YES_AGGRESSIVE;
				CLANG_WARN_UNREACHABLE_CODE = YES;
				CLANG_WARN__DUPLICATE_METHOD_MATCH = YES;
				CODE_SIGN_IDENTITY = "iPhone Developer";
				COPY_PHASE_STRIP = NO;
				DEBUG_INFORMATION_FORMAT = dwarf;
				ENABLE_STRICT_OBJC_MSGSEND = YES;
				ENABLE_TESTABILITY = YES;
				GCC_C_LANGUAGE_STANDARD = gnu11;
				GCC_DYNAMIC_NO_PIC = NO;
				GCC_NO_COMMON_BLOCKS = YES;
				GCC_OPTIMIZATION_LEVEL = 0;
				GCC_PREPROCESSOR_DEFINITIONS = (
					"DEBUG=1",
					"$(inherited)",
				);
				GCC_WARN_64_TO_32_BIT_CONVERSION = YES;
				GCC_WARN_ABOUT_RETURN_TYPE = YES_ERROR;
				GCC_WARN_UNDECLARED_SELECTOR = YES;
				GCC_WARN_UNINITIALIZED_AUTOS = YES_AGGRESSIVE;
				GCC_WARN_UNUSED_FUNCTION = YES;
				GCC_WARN_UNUSED_VARIABLE = YES;
				IPHONEOS_DEPLOYMENT_TARGET = 12.1;
				MTL_ENABLE_DEBUG_INFO = INCLUDE_SOURCE;
				MTL_FAST_MATH = YES;
				ONLY_ACTIVE_ARCH = YES;
				SDKROOT = iphoneos;
				SWIFT_ACTIVE_COMPILATION_CONDITIONS = DEBUG;
				SWIFT_OPTIMIZATION_LEVEL = "-Onone";
				SWIFT_VERSION = 5.0;
			};
			name = Debug;
		};
		283816EA21B8925F00B3E4FD /* Release */ = {
			isa = XCBuildConfiguration;
			buildSettings = {
				ALWAYS_SEARCH_USER_PATHS = NO;
				CLANG_ANALYZER_NONNULL = YES;
				CLANG_ANALYZER_NUMBER_OBJECT_CONVERSION = YES_AGGRESSIVE;
				CLANG_CXX_LANGUAGE_STANDARD = "gnu++14";
				CLANG_CXX_LIBRARY = "libc++";
				CLANG_ENABLE_MODULES = YES;
				CLANG_ENABLE_OBJC_ARC = YES;
				CLANG_ENABLE_OBJC_WEAK = YES;
				CLANG_WARN_BLOCK_CAPTURE_AUTORELEASING = YES;
				CLANG_WARN_BOOL_CONVERSION = YES;
				CLANG_WARN_COMMA = YES;
				CLANG_WARN_CONSTANT_CONVERSION = YES;
				CLANG_WARN_DEPRECATED_OBJC_IMPLEMENTATIONS = YES;
				CLANG_WARN_DIRECT_OBJC_ISA_USAGE = YES_ERROR;
				CLANG_WARN_DOCUMENTATION_COMMENTS = YES;
				CLANG_WARN_EMPTY_BODY = YES;
				CLANG_WARN_ENUM_CONVERSION = YES;
				CLANG_WARN_INFINITE_RECURSION = YES;
				CLANG_WARN_INT_CONVERSION = YES;
				CLANG_WARN_NON_LITERAL_NULL_CONVERSION = YES;
				CLANG_WARN_OBJC_IMPLICIT_RETAIN_SELF = YES;
				CLANG_WARN_OBJC_LITERAL_CONVERSION = YES;
				CLANG_WARN_OBJC_ROOT_CLASS = YES_ERROR;
				CLANG_WARN_RANGE_LOOP_ANALYSIS = YES;
				CLANG_WARN_STRICT_PROTOTYPES = YES;
				CLANG_WARN_SUSPICIOUS_MOVE = YES;
				CLANG_WARN_UNGUARDED_AVAILABILITY = YES_AGGRESSIVE;
				CLANG_WARN_UNREACHABLE_CODE = YES;
				CLANG_WARN__DUPLICATE_METHOD_MATCH = YES;
				CODE_SIGN_IDENTITY = "iPhone Developer";
				COPY_PHASE_STRIP = NO;
				DEBUG_INFORMATION_FORMAT = "dwarf-with-dsym";
				ENABLE_NS_ASSERTIONS = NO;
				ENABLE_STRICT_OBJC_MSGSEND = YES;
				GCC_C_LANGUAGE_STANDARD = gnu11;
				GCC_NO_COMMON_BLOCKS = YES;
				GCC_WARN_64_TO_32_BIT_CONVERSION = YES;
				GCC_WARN_ABOUT_RETURN_TYPE = YES_ERROR;
				GCC_WARN_UNDECLARED_SELECTOR = YES;
				GCC_WARN_UNINITIALIZED_AUTOS = YES_AGGRESSIVE;
				GCC_WARN_UNUSED_FUNCTION = YES;
				GCC_WARN_UNUSED_VARIABLE = YES;
				IPHONEOS_DEPLOYMENT_TARGET = 12.1;
				MTL_ENABLE_DEBUG_INFO = NO;
				MTL_FAST_MATH = YES;
				SDKROOT = iphoneos;
				SWIFT_COMPILATION_MODE = wholemodule;
				SWIFT_OPTIMIZATION_LEVEL = "-O";
				SWIFT_VERSION = 5.0;
				VALIDATE_PRODUCT = YES;
			};
			name = Release;
		};
		283816EC21B8925F00B3E4FD /* Debug */ = {
			isa = XCBuildConfiguration;
			baseConfigurationReference = F9F358249431986AA0434164 /* Pods-Crusht.debug.xcconfig */;
			buildSettings = {
				ALWAYS_EMBED_SWIFT_STANDARD_LIBRARIES = YES;
				ASSETCATALOG_COMPILER_APPICON_NAME = AppIcon;
				CODE_SIGN_ENTITLEMENTS = Crusht/Crusht.entitlements;
				CODE_SIGN_STYLE = Automatic;
				CURRENT_PROJECT_VERSION = 1;
				DEBUG_INFORMATION_FORMAT = "dwarf-with-dsym";
				DEVELOPMENT_TEAM = 7L9BJYQ2H8;
				GCC_NO_COMMON_BLOCKS = YES;
				INFOPLIST_FILE = Crusht/Info.plist;
				IPHONEOS_DEPLOYMENT_TARGET = 12.1;
				LD_RUNPATH_SEARCH_PATHS = (
					"$(inherited)",
					"@executable_path/Frameworks",
				);
				MARKETING_VERSION = 1.9.3;
				PRODUCT_BUNDLE_IDENTIFIER = com.CrushtLLC.Crusht;
				PRODUCT_NAME = "$(TARGET_NAME)";
				SWIFT_VERSION = 5.0;
				TARGETED_DEVICE_FAMILY = 1;
			};
			name = Debug;
		};
		283816ED21B8925F00B3E4FD /* Release */ = {
			isa = XCBuildConfiguration;
			baseConfigurationReference = 8F894DA439ED2820A9D9F768 /* Pods-Crusht.release.xcconfig */;
			buildSettings = {
				ALWAYS_EMBED_SWIFT_STANDARD_LIBRARIES = YES;
				ASSETCATALOG_COMPILER_APPICON_NAME = AppIcon;
				CODE_SIGN_ENTITLEMENTS = Crusht/Crusht.entitlements;
				CODE_SIGN_STYLE = Automatic;
				CURRENT_PROJECT_VERSION = 1;
				DEVELOPMENT_TEAM = 7L9BJYQ2H8;
				GCC_NO_COMMON_BLOCKS = YES;
				INFOPLIST_FILE = Crusht/Info.plist;
				IPHONEOS_DEPLOYMENT_TARGET = 12.1;
				LD_RUNPATH_SEARCH_PATHS = (
					"$(inherited)",
					"@executable_path/Frameworks",
				);
				MARKETING_VERSION = 1.9.3;
				PRODUCT_BUNDLE_IDENTIFIER = com.CrushtLLC.Crusht;
				PRODUCT_NAME = "$(TARGET_NAME)";
				SWIFT_VERSION = 5.0;
				TARGETED_DEVICE_FAMILY = 1;
			};
			name = Release;
		};
		283816EF21B8925F00B3E4FD /* Debug */ = {
			isa = XCBuildConfiguration;
			baseConfigurationReference = 64833AB1BC80200DDEE3B561 /* Pods-CrushtTests.debug.xcconfig */;
			buildSettings = {
				ALWAYS_EMBED_SWIFT_STANDARD_LIBRARIES = YES;
				BUNDLE_LOADER = "$(TEST_HOST)";
				CODE_SIGN_STYLE = Automatic;
				DEVELOPMENT_TEAM = 7L9BJYQ2H8;
				INFOPLIST_FILE = CrushtTests/Info.plist;
				LD_RUNPATH_SEARCH_PATHS = (
					"$(inherited)",
					"@executable_path/Frameworks",
					"@loader_path/Frameworks",
				);
				PRODUCT_BUNDLE_IDENTIFIER = com.CrushtLLC.CrushtTests;
				PRODUCT_NAME = "$(TARGET_NAME)";
				SWIFT_VERSION = 4.2;
				TARGETED_DEVICE_FAMILY = "1,2";
				TEST_HOST = "$(BUILT_PRODUCTS_DIR)/Crusht.app/Crusht";
			};
			name = Debug;
		};
		283816F021B8925F00B3E4FD /* Release */ = {
			isa = XCBuildConfiguration;
			baseConfigurationReference = 9F2CDFB52A04A8C208B9809A /* Pods-CrushtTests.release.xcconfig */;
			buildSettings = {
				ALWAYS_EMBED_SWIFT_STANDARD_LIBRARIES = YES;
				BUNDLE_LOADER = "$(TEST_HOST)";
				CODE_SIGN_STYLE = Automatic;
				DEVELOPMENT_TEAM = 7L9BJYQ2H8;
				INFOPLIST_FILE = CrushtTests/Info.plist;
				LD_RUNPATH_SEARCH_PATHS = (
					"$(inherited)",
					"@executable_path/Frameworks",
					"@loader_path/Frameworks",
				);
				PRODUCT_BUNDLE_IDENTIFIER = com.CrushtLLC.CrushtTests;
				PRODUCT_NAME = "$(TARGET_NAME)";
				SWIFT_VERSION = 4.2;
				TARGETED_DEVICE_FAMILY = "1,2";
				TEST_HOST = "$(BUILT_PRODUCTS_DIR)/Crusht.app/Crusht";
			};
			name = Release;
		};
		283816F221B8925F00B3E4FD /* Debug */ = {
			isa = XCBuildConfiguration;
			baseConfigurationReference = B8FF10410AF1EB75A05F800B /* Pods-Crusht-CrushtUITests.debug.xcconfig */;
			buildSettings = {
				ALWAYS_EMBED_SWIFT_STANDARD_LIBRARIES = YES;
				CODE_SIGN_STYLE = Automatic;
				DEVELOPMENT_TEAM = 7L9BJYQ2H8;
				INFOPLIST_FILE = CrushtUITests/Info.plist;
				LD_RUNPATH_SEARCH_PATHS = (
					"$(inherited)",
					"@executable_path/Frameworks",
					"@loader_path/Frameworks",
				);
				PRODUCT_BUNDLE_IDENTIFIER = com.CrushtLLC.CrushtUITests;
				PRODUCT_NAME = "$(TARGET_NAME)";
				SWIFT_VERSION = 4.2;
				TARGETED_DEVICE_FAMILY = "1,2";
				TEST_TARGET_NAME = Crusht;
			};
			name = Debug;
		};
		283816F321B8925F00B3E4FD /* Release */ = {
			isa = XCBuildConfiguration;
			baseConfigurationReference = B6FF77B309364C20CAC59D56 /* Pods-Crusht-CrushtUITests.release.xcconfig */;
			buildSettings = {
				ALWAYS_EMBED_SWIFT_STANDARD_LIBRARIES = YES;
				CODE_SIGN_STYLE = Automatic;
				DEVELOPMENT_TEAM = 7L9BJYQ2H8;
				INFOPLIST_FILE = CrushtUITests/Info.plist;
				LD_RUNPATH_SEARCH_PATHS = (
					"$(inherited)",
					"@executable_path/Frameworks",
					"@loader_path/Frameworks",
				);
				PRODUCT_BUNDLE_IDENTIFIER = com.CrushtLLC.CrushtUITests;
				PRODUCT_NAME = "$(TARGET_NAME)";
				SWIFT_VERSION = 4.2;
				TARGETED_DEVICE_FAMILY = "1,2";
				TEST_TARGET_NAME = Crusht;
			};
			name = Release;
		};
/* End XCBuildConfiguration section */

/* Begin XCConfigurationList section */
		283816BE21B8925C00B3E4FD /* Build configuration list for PBXProject "Crusht" */ = {
			isa = XCConfigurationList;
			buildConfigurations = (
				283816E921B8925F00B3E4FD /* Debug */,
				283816EA21B8925F00B3E4FD /* Release */,
			);
			defaultConfigurationIsVisible = 0;
			defaultConfigurationName = Release;
		};
		283816EB21B8925F00B3E4FD /* Build configuration list for PBXNativeTarget "Crusht" */ = {
			isa = XCConfigurationList;
			buildConfigurations = (
				283816EC21B8925F00B3E4FD /* Debug */,
				283816ED21B8925F00B3E4FD /* Release */,
			);
			defaultConfigurationIsVisible = 0;
			defaultConfigurationName = Release;
		};
		283816EE21B8925F00B3E4FD /* Build configuration list for PBXNativeTarget "CrushtTests" */ = {
			isa = XCConfigurationList;
			buildConfigurations = (
				283816EF21B8925F00B3E4FD /* Debug */,
				283816F021B8925F00B3E4FD /* Release */,
			);
			defaultConfigurationIsVisible = 0;
			defaultConfigurationName = Release;
		};
		283816F121B8925F00B3E4FD /* Build configuration list for PBXNativeTarget "CrushtUITests" */ = {
			isa = XCConfigurationList;
			buildConfigurations = (
				283816F221B8925F00B3E4FD /* Debug */,
				283816F321B8925F00B3E4FD /* Release */,
			);
			defaultConfigurationIsVisible = 0;
			defaultConfigurationName = Release;
		};
/* End XCConfigurationList section */
	};
	rootObject = 283816BB21B8925C00B3E4FD /* Project object */;
}
